// !$*UTF8*$!
{
	archiveVersion = 1;
	classes = {
	};
	objectVersion = 46;
	objects = {

/* Begin PBXCopyFilesBuildPhase section */
		C1E960631AD4C197008D1C63 /* CopyFiles */ = {
			isa = PBXCopyFilesBuildPhase;
			buildActionMask = 2147483647;
			dstPath = /usr/share/man/man1/;
			dstSubfolderSpec = 0;
			files = (
			);
			runOnlyForDeploymentPostprocessing = 1;
		};
/* End PBXCopyFilesBuildPhase section */

/* Begin PBXFileReference section */
		C10034831C15623400CBF107 /* 052.cpp */ = {isa = PBXFileReference; fileEncoding = 4; lastKnownFileType = sourcecode.cpp.cpp; path = 052.cpp; sourceTree = "<group>"; };
		C1067C111C716DD800308AEE /* 127.cpp */ = {isa = PBXFileReference; fileEncoding = 4; lastKnownFileType = sourcecode.cpp.cpp; path = 127.cpp; sourceTree = "<group>"; };
		C106CBDF1CE199C800832115 /* 222.cpp */ = {isa = PBXFileReference; fileEncoding = 4; lastKnownFileType = sourcecode.cpp.cpp; path = 222.cpp; sourceTree = "<group>"; };
		C106CBE11CE199E700832115 /* 223.cpp */ = {isa = PBXFileReference; fileEncoding = 4; lastKnownFileType = sourcecode.cpp.cpp; path = 223.cpp; sourceTree = "<group>"; };
		C106D2BC1B412A7E00DCE667 /* 045.c */ = {isa = PBXFileReference; fileEncoding = 4; lastKnownFileType = sourcecode.c.c; path = 045.c; sourceTree = "<group>"; };
		C10AD4A91C48C503005070B3 /* 102.cpp */ = {isa = PBXFileReference; fileEncoding = 4; lastKnownFileType = sourcecode.cpp.cpp; path = 102.cpp; sourceTree = "<group>"; };
		C10AD4AB1C48C565005070B3 /* 103.cpp */ = {isa = PBXFileReference; fileEncoding = 4; lastKnownFileType = sourcecode.cpp.cpp; path = 103.cpp; sourceTree = "<group>"; };
		C10AD4AD1C48C621005070B3 /* 104.cpp */ = {isa = PBXFileReference; fileEncoding = 4; lastKnownFileType = sourcecode.cpp.cpp; path = 104.cpp; sourceTree = "<group>"; };
		C10AD4AF1C48C63F005070B3 /* 105.cpp */ = {isa = PBXFileReference; fileEncoding = 4; lastKnownFileType = sourcecode.cpp.cpp; path = 105.cpp; sourceTree = "<group>"; };
		C10B1E681C4DD30A004CE4D6 /* 121.cpp */ = {isa = PBXFileReference; fileEncoding = 4; lastKnownFileType = sourcecode.cpp.cpp; path = 121.cpp; sourceTree = "<group>"; };
		C10D87421CF144BF00D88852 /* 257.cpp */ = {isa = PBXFileReference; fileEncoding = 4; lastKnownFileType = sourcecode.cpp.cpp; path = 257.cpp; sourceTree = "<group>"; };
		C10D87461CF145B000D88852 /* 258.cpp */ = {isa = PBXFileReference; fileEncoding = 4; lastKnownFileType = sourcecode.cpp.cpp; path = 258.cpp; sourceTree = "<group>"; };
		C10D87481CF1462D00D88852 /* 260.cpp */ = {isa = PBXFileReference; fileEncoding = 4; lastKnownFileType = sourcecode.cpp.cpp; path = 260.cpp; sourceTree = "<group>"; };
		C10D874A1CF1468E00D88852 /* 263.cpp */ = {isa = PBXFileReference; fileEncoding = 4; lastKnownFileType = sourcecode.cpp.cpp; path = 263.cpp; sourceTree = "<group>"; };
		C10D874C1CF146B900D88852 /* 264.cpp */ = {isa = PBXFileReference; fileEncoding = 4; lastKnownFileType = sourcecode.cpp.cpp; path = 264.cpp; sourceTree = "<group>"; };
		C10D874E1CF146E200D88852 /* 268.cpp */ = {isa = PBXFileReference; fileEncoding = 4; lastKnownFileType = sourcecode.cpp.cpp; path = 268.cpp; sourceTree = "<group>"; };
		C11023561AE60B5100B34679 /* 015.cpp */ = {isa = PBXFileReference; fileEncoding = 4; lastKnownFileType = sourcecode.cpp.cpp; path = 015.cpp; sourceTree = "<group>"; };
		C11023581AE7492200B34679 /* 015.c */ = {isa = PBXFileReference; fileEncoding = 4; lastKnownFileType = sourcecode.c.c; path = 015.c; sourceTree = "<group>"; };
		C110E8591C7C3C5700AEF69C /* 134.cpp */ = {isa = PBXFileReference; fileEncoding = 4; lastKnownFileType = sourcecode.cpp.cpp; path = 134.cpp; sourceTree = "<group>"; };
		C11668ED1AFEFBC500A99703 /* 030.c */ = {isa = PBXFileReference; fileEncoding = 4; lastKnownFileType = sourcecode.c.c; path = 030.c; sourceTree = "<group>"; };
		C11668EF1AFF10B100A99703 /* 031.cpp */ = {isa = PBXFileReference; fileEncoding = 4; lastKnownFileType = sourcecode.cpp.cpp; path = 031.cpp; sourceTree = "<group>"; };
		C11668F11AFF3B2E00A99703 /* 031.c */ = {isa = PBXFileReference; fileEncoding = 4; lastKnownFileType = sourcecode.c.c; path = 031.c; sourceTree = "<group>"; };
		C1184B5A1AF5AEEC00E0BFB8 /* 025.c */ = {isa = PBXFileReference; fileEncoding = 4; lastKnownFileType = sourcecode.c.c; path = 025.c; sourceTree = "<group>"; };
		C1184B5D1AF5E55300E0BFB8 /* 026.cpp */ = {isa = PBXFileReference; fileEncoding = 4; lastKnownFileType = sourcecode.cpp.cpp; path = 026.cpp; sourceTree = "<group>"; };
		C1184B5F1AF5E5A400E0BFB8 /* template.cpp */ = {isa = PBXFileReference; fileEncoding = 4; lastKnownFileType = sourcecode.cpp.cpp; path = template.cpp; sourceTree = "<group>"; };
		C1184B611AF5F4AD00E0BFB8 /* template.c */ = {isa = PBXFileReference; fileEncoding = 4; lastKnownFileType = sourcecode.c.c; path = template.c; sourceTree = "<group>"; };
		C1184B631AF5F4D700E0BFB8 /* 026.c */ = {isa = PBXFileReference; fileEncoding = 4; lastKnownFileType = sourcecode.c.c; path = 026.c; sourceTree = "<group>"; };
		C1184B651AF5F91C00E0BFB8 /* 027.cpp */ = {isa = PBXFileReference; fileEncoding = 4; lastKnownFileType = sourcecode.cpp.cpp; path = 027.cpp; sourceTree = "<group>"; };
		C1184B671AF603B300E0BFB8 /* 027.c */ = {isa = PBXFileReference; fileEncoding = 4; lastKnownFileType = sourcecode.c.c; path = 027.c; sourceTree = "<group>"; };
		C1184B6A1AF60AE600E0BFB8 /* 028.cpp */ = {isa = PBXFileReference; fileEncoding = 4; lastKnownFileType = sourcecode.cpp.cpp; path = 028.cpp; sourceTree = "<group>"; };
		C1187DCF1CB38FE9004354CF /* 209.cpp */ = {isa = PBXFileReference; fileEncoding = 4; lastKnownFileType = sourcecode.cpp.cpp; path = 209.cpp; sourceTree = "<group>"; };
		C1187DD11CB39010004354CF /* 210.cpp */ = {isa = PBXFileReference; fileEncoding = 4; lastKnownFileType = sourcecode.cpp.cpp; path = 210.cpp; sourceTree = "<group>"; };
		C119544B1CAE36E800411B0A /* 206.cpp */ = {isa = PBXFileReference; fileEncoding = 4; lastKnownFileType = sourcecode.cpp.cpp; path = 206.cpp; sourceTree = "<group>"; };
		C119FC211C4623BB0084D2B2 /* 097.cpp */ = {isa = PBXFileReference; fileEncoding = 4; lastKnownFileType = sourcecode.cpp.cpp; path = 097.cpp; sourceTree = "<group>"; };
		C119FC231C4624170084D2B2 /* 098.cpp */ = {isa = PBXFileReference; fileEncoding = 4; lastKnownFileType = sourcecode.cpp.cpp; path = 098.cpp; sourceTree = "<group>"; };
		C119FC251C4624500084D2B2 /* 099.cpp */ = {isa = PBXFileReference; fileEncoding = 4; lastKnownFileType = sourcecode.cpp.cpp; path = 099.cpp; sourceTree = "<group>"; };
		C11B779D1D1A549A006F5A32 /* 306.cpp */ = {isa = PBXFileReference; fileEncoding = 4; lastKnownFileType = sourcecode.cpp.cpp; path = 306.cpp; sourceTree = "<group>"; };
		C120EB281AE43E160010CFF1 /* 012.cpp */ = {isa = PBXFileReference; fileEncoding = 4; lastKnownFileType = sourcecode.cpp.cpp; path = 012.cpp; sourceTree = "<group>"; };
		C1227C031D13B7080015CFA7 /* 301.cpp */ = {isa = PBXFileReference; fileEncoding = 4; lastKnownFileType = sourcecode.cpp.cpp; path = 301.cpp; sourceTree = "<group>"; };
		C1227C051D13B72B0015CFA7 /* 303.cpp */ = {isa = PBXFileReference; fileEncoding = 4; lastKnownFileType = sourcecode.cpp.cpp; path = 303.cpp; sourceTree = "<group>"; };
		C1227C071D13B77F0015CFA7 /* 304.cpp */ = {isa = PBXFileReference; fileEncoding = 4; lastKnownFileType = sourcecode.cpp.cpp; path = 304.cpp; sourceTree = "<group>"; };
		C125A3571CF6BC9A00AC3312 /* 287.cpp */ = {isa = PBXFileReference; fileEncoding = 4; lastKnownFileType = sourcecode.cpp.cpp; path = 287.cpp; sourceTree = "<group>"; };
		C125A3591CF6BCDE00AC3312 /* 289.cpp */ = {isa = PBXFileReference; fileEncoding = 4; lastKnownFileType = sourcecode.cpp.cpp; path = 289.cpp; sourceTree = "<group>"; };
		C125A35B1CF6BCF500AC3312 /* 290.cpp */ = {isa = PBXFileReference; fileEncoding = 4; lastKnownFileType = sourcecode.cpp.cpp; path = 290.cpp; sourceTree = "<group>"; };
		C1266A661ADA6F8200F4137E /* 006.cpp */ = {isa = PBXFileReference; fileEncoding = 4; lastKnownFileType = sourcecode.cpp.cpp; path = 006.cpp; sourceTree = "<group>"; };
		C129C6541C2268F000765FEC /* 060.cpp */ = {isa = PBXFileReference; fileEncoding = 4; lastKnownFileType = sourcecode.cpp.cpp; path = 060.cpp; sourceTree = "<group>"; };
		C129C6561C22696D00765FEC /* 060.c */ = {isa = PBXFileReference; fileEncoding = 4; lastKnownFileType = sourcecode.c.c; path = 060.c; sourceTree = "<group>"; };
		C12F80441C8E71B9000B6810 /* 164.cpp */ = {isa = PBXFileReference; fileEncoding = 4; lastKnownFileType = sourcecode.cpp.cpp; path = 164.cpp; sourceTree = "<group>"; };
		C12F80461C8E71D2000B6810 /* 165.cpp */ = {isa = PBXFileReference; fileEncoding = 4; lastKnownFileType = sourcecode.cpp.cpp; path = 165.cpp; sourceTree = "<group>"; };
		C13202801CDB0B0F008F6D24 /* 217.cpp */ = {isa = PBXFileReference; fileEncoding = 4; lastKnownFileType = sourcecode.cpp.cpp; path = 217.cpp; sourceTree = "<group>"; };
		C13202821CDB0B2D008F6D24 /* 218.cpp */ = {isa = PBXFileReference; fileEncoding = 4; lastKnownFileType = sourcecode.cpp.cpp; path = 218.cpp; sourceTree = "<group>"; };
		C13202841CDB0B46008F6D24 /* 219.cpp */ = {isa = PBXFileReference; fileEncoding = 4; lastKnownFileType = sourcecode.cpp.cpp; path = 219.cpp; sourceTree = "<group>"; };
		C133B9AC1C37B4AB009C6F56 /* 073.cpp */ = {isa = PBXFileReference; fileEncoding = 4; lastKnownFileType = sourcecode.cpp.cpp; path = 073.cpp; sourceTree = "<group>"; };
		C13449221C9A7ABF004C3691 /* 187.cpp */ = {isa = PBXFileReference; fileEncoding = 4; lastKnownFileType = sourcecode.cpp.cpp; path = 187.cpp; sourceTree = "<group>"; };
		C13457761AF0A1FC00F359D3 /* 021.c */ = {isa = PBXFileReference; fileEncoding = 4; lastKnownFileType = sourcecode.c.c; path = 021.c; sourceTree = "<group>"; };
		C13457781AF0A2FC00F359D3 /* 022.cpp */ = {isa = PBXFileReference; fileEncoding = 4; lastKnownFileType = sourcecode.cpp.cpp; path = 022.cpp; sourceTree = "<group>"; };
		C134577A1AF0C2AA00F359D3 /* 022.c */ = {isa = PBXFileReference; fileEncoding = 4; lastKnownFileType = sourcecode.c.c; path = 022.c; sourceTree = "<group>"; };
		C136485B1B01839300E76C74 /* 033.c */ = {isa = PBXFileReference; fileEncoding = 4; lastKnownFileType = sourcecode.c.c; path = 033.c; sourceTree = "<group>"; };
		C136485D1B0183F900E76C74 /* 034.cpp */ = {isa = PBXFileReference; fileEncoding = 4; lastKnownFileType = sourcecode.cpp.cpp; path = 034.cpp; sourceTree = "<group>"; };
		C136485F1B018AFE00E76C74 /* 034.c */ = {isa = PBXFileReference; fileEncoding = 4; lastKnownFileType = sourcecode.c.c; path = 034.c; sourceTree = "<group>"; };
		C13648611B01972600E76C74 /* 035.cpp */ = {isa = PBXFileReference; fileEncoding = 4; lastKnownFileType = sourcecode.cpp.cpp; path = 035.cpp; sourceTree = "<group>"; };
		C13648631B019B5A00E76C74 /* 035.c */ = {isa = PBXFileReference; fileEncoding = 4; lastKnownFileType = sourcecode.c.c; path = 035.c; sourceTree = "<group>"; };
		C13648651B019FBA00E76C74 /* 036.cpp */ = {isa = PBXFileReference; fileEncoding = 4; lastKnownFileType = sourcecode.cpp.cpp; path = 036.cpp; sourceTree = "<group>"; };
		C13648671B01B23B00E76C74 /* 036.c */ = {isa = PBXFileReference; fileEncoding = 4; lastKnownFileType = sourcecode.c.c; path = 036.c; sourceTree = "<group>"; };
		C136CE391CF1485A00D49161 /* 273.cpp */ = {isa = PBXFileReference; fileEncoding = 4; lastKnownFileType = sourcecode.cpp.cpp; path = 273.cpp; sourceTree = "<group>"; };
		C136CE3B1CF1489E00D49161 /* 274.cpp */ = {isa = PBXFileReference; fileEncoding = 4; lastKnownFileType = sourcecode.cpp.cpp; path = 274.cpp; sourceTree = "<group>"; };
		C136CE3D1CF148BA00D49161 /* 275.cpp */ = {isa = PBXFileReference; fileEncoding = 4; lastKnownFileType = sourcecode.cpp.cpp; path = 275.cpp; sourceTree = "<group>"; };
		C137311B1AD4E73600B69EAC /* 004.cpp */ = {isa = PBXFileReference; fileEncoding = 4; lastKnownFileType = sourcecode.cpp.cpp; path = 004.cpp; sourceTree = "<group>"; };
		C13BCC741CE2D8B5003373B8 /* 225.cpp */ = {isa = PBXFileReference; fileEncoding = 4; lastKnownFileType = sourcecode.cpp.cpp; path = 225.cpp; sourceTree = "<group>"; };
		C13BCC761CE2D8D8003373B8 /* 226.cpp */ = {isa = PBXFileReference; fileEncoding = 4; lastKnownFileType = sourcecode.cpp.cpp; path = 226.cpp; sourceTree = "<group>"; };
		C13BCC781CE2D8EE003373B8 /* 227.cpp */ = {isa = PBXFileReference; fileEncoding = 4; lastKnownFileType = sourcecode.cpp.cpp; path = 227.cpp; sourceTree = "<group>"; };
		C13BCC7A1CE2D909003373B8 /* 228.cpp */ = {isa = PBXFileReference; fileEncoding = 4; lastKnownFileType = sourcecode.cpp.cpp; path = 228.cpp; sourceTree = "<group>"; };
		C13D81D71CA4D6F2006D820B /* 201.cpp */ = {isa = PBXFileReference; fileEncoding = 4; lastKnownFileType = sourcecode.cpp.cpp; path = 201.cpp; sourceTree = "<group>"; };
		C13D81D91CA4D714006D820B /* 202.cpp */ = {isa = PBXFileReference; fileEncoding = 4; lastKnownFileType = sourcecode.cpp.cpp; path = 202.cpp; sourceTree = "<group>"; };
		C13E02721CA38BCC008C573F /* 198.cpp */ = {isa = PBXFileReference; fileEncoding = 4; lastKnownFileType = sourcecode.cpp.cpp; path = 198.cpp; sourceTree = "<group>"; };
		C13E02751CA38BE9008C573F /* 199.cpp */ = {isa = PBXFileReference; fileEncoding = 4; lastKnownFileType = sourcecode.cpp.cpp; path = 199.cpp; sourceTree = "<group>"; };
		C13E02771CA38C4A008C573F /* 200.cpp */ = {isa = PBXFileReference; fileEncoding = 4; lastKnownFileType = sourcecode.cpp.cpp; path = 200.cpp; sourceTree = "<group>"; };
		C13E6A311CF1432900F2E46C /* 241.cpp */ = {isa = PBXFileReference; fileEncoding = 4; lastKnownFileType = sourcecode.cpp.cpp; path = 241.cpp; sourceTree = "<group>"; };
		C13E6A331CF143F300F2E46C /* 242.cpp */ = {isa = PBXFileReference; fileEncoding = 4; lastKnownFileType = sourcecode.cpp.cpp; path = 242.cpp; sourceTree = "<group>"; };
		C14126F41C8969EF00999FC4 /* 150.cpp */ = {isa = PBXFileReference; fileEncoding = 4; lastKnownFileType = sourcecode.cpp.cpp; path = 150.cpp; sourceTree = "<group>"; };
		C144EAB51C47529000463012 /* 101.cpp */ = {isa = PBXFileReference; fileEncoding = 4; lastKnownFileType = sourcecode.cpp.cpp; path = 101.cpp; sourceTree = "<group>"; };
		C1479A391AFAF62700A4936D /* 030.cpp */ = {isa = PBXFileReference; fileEncoding = 4; indentWidth = 4; lastKnownFileType = sourcecode.cpp.cpp; path = 030.cpp; sourceTree = "<group>"; tabWidth = 4; wrapsLines = 1; };
		C149A0911C40A601009DDEBD /* 085.cpp */ = {isa = PBXFileReference; fileEncoding = 4; lastKnownFileType = sourcecode.cpp.cpp; path = 085.cpp; sourceTree = "<group>"; };
		C149A0931C40A61D009DDEBD /* 086.cpp */ = {isa = PBXFileReference; fileEncoding = 4; lastKnownFileType = sourcecode.cpp.cpp; path = 086.cpp; sourceTree = "<group>"; };
		C149A0951C40A64C009DDEBD /* 087.cpp */ = {isa = PBXFileReference; fileEncoding = 4; lastKnownFileType = sourcecode.cpp.cpp; path = 087.cpp; sourceTree = "<group>"; };
		C149A0971C40A698009DDEBD /* 088.cpp */ = {isa = PBXFileReference; fileEncoding = 4; lastKnownFileType = sourcecode.cpp.cpp; path = 088.cpp; sourceTree = "<group>"; };
		C149A0991C40A6DA009DDEBD /* 089.cpp */ = {isa = PBXFileReference; fileEncoding = 4; lastKnownFileType = sourcecode.cpp.cpp; path = 089.cpp; sourceTree = "<group>"; };
		C149A09B1C40A6FE009DDEBD /* 090.cpp */ = {isa = PBXFileReference; fileEncoding = 4; lastKnownFileType = sourcecode.cpp.cpp; path = 090.cpp; sourceTree = "<group>"; };
		C14C54E91CAE366E00070554 /* 203.cpp */ = {isa = PBXFileReference; fileEncoding = 4; lastKnownFileType = sourcecode.cpp.cpp; path = 203.cpp; sourceTree = "<group>"; };
		C14C54EB1CAE369100070554 /* 204.cpp */ = {isa = PBXFileReference; fileEncoding = 4; lastKnownFileType = sourcecode.cpp.cpp; path = 204.cpp; sourceTree = "<group>"; };
		C14C54ED1CAE36A700070554 /* 205.cpp */ = {isa = PBXFileReference; fileEncoding = 4; lastKnownFileType = sourcecode.cpp.cpp; path = 205.cpp; sourceTree = "<group>"; };
		C14F50591C86BA4A00A48696 /* 149.cpp */ = {isa = PBXFileReference; fileEncoding = 4; lastKnownFileType = sourcecode.cpp.cpp; path = 149.cpp; sourceTree = "<group>"; };
		C150259F1B35F31000CCA528 /* 044.cpp */ = {isa = PBXFileReference; fileEncoding = 4; lastKnownFileType = sourcecode.cpp.cpp; path = 044.cpp; sourceTree = "<group>"; };
		C15025A31B3A69A500CCA528 /* 044.c */ = {isa = PBXFileReference; fileEncoding = 4; lastKnownFileType = sourcecode.c.c; path = 044.c; sourceTree = "<group>"; };
		C15025A51B3A773900CCA528 /* 045.cpp */ = {isa = PBXFileReference; fileEncoding = 4; lastKnownFileType = sourcecode.cpp.cpp; path = 045.cpp; sourceTree = "<group>"; };
		C1520C381ADCF3710028946F /* 008.c */ = {isa = PBXFileReference; fileEncoding = 4; lastKnownFileType = sourcecode.c.c; path = 008.c; sourceTree = "<group>"; };
		C153332F1AFFD030000E2940 /* 032.cpp */ = {isa = PBXFileReference; fileEncoding = 4; lastKnownFileType = sourcecode.cpp.cpp; path = 032.cpp; sourceTree = "<group>"; };
		C15333311B008095000E2940 /* 032.c */ = {isa = PBXFileReference; fileEncoding = 4; lastKnownFileType = sourcecode.c.c; path = 032.c; sourceTree = "<group>"; };
		C154AD051C915E8F00661C68 /* 166.cpp */ = {isa = PBXFileReference; fileEncoding = 4; lastKnownFileType = sourcecode.cpp.cpp; path = 166.cpp; sourceTree = "<group>"; };
		C154AD071C915EB900661C68 /* 168.cpp */ = {isa = PBXFileReference; fileEncoding = 4; lastKnownFileType = sourcecode.cpp.cpp; path = 168.cpp; sourceTree = "<group>"; };
		C154AD091C915F3500661C68 /* 169.cpp */ = {isa = PBXFileReference; fileEncoding = 4; lastKnownFileType = sourcecode.cpp.cpp; path = 169.cpp; sourceTree = "<group>"; };
		C154C6701C852AC30091F1B9 /* 145.cpp */ = {isa = PBXFileReference; fileEncoding = 4; lastKnownFileType = sourcecode.cpp.cpp; path = 145.cpp; sourceTree = "<group>"; };
		C154D2421CE58F9300899F62 /* 231.cpp */ = {isa = PBXFileReference; fileEncoding = 4; lastKnownFileType = sourcecode.cpp.cpp; path = 231.cpp; sourceTree = "<group>"; };
		C154D2441CE58FB000899F62 /* 232.cpp */ = {isa = PBXFileReference; fileEncoding = 4; lastKnownFileType = sourcecode.cpp.cpp; path = 232.cpp; sourceTree = "<group>"; };
		C154D2461CE58FC700899F62 /* 233.cpp */ = {isa = PBXFileReference; fileEncoding = 4; lastKnownFileType = sourcecode.cpp.cpp; path = 233.cpp; sourceTree = "<group>"; };
		C156AC201C83831F006204AB /* 144.cpp */ = {isa = PBXFileReference; fileEncoding = 4; lastKnownFileType = sourcecode.cpp.cpp; path = 144.cpp; sourceTree = "<group>"; };
		C159020E1C827F15008A633C /* 141.cpp */ = {isa = PBXFileReference; fileEncoding = 4; lastKnownFileType = sourcecode.cpp.cpp; path = 141.cpp; sourceTree = "<group>"; };
		C15902101C827FC8008A633C /* 142.cpp */ = {isa = PBXFileReference; fileEncoding = 4; lastKnownFileType = sourcecode.cpp.cpp; path = 142.cpp; sourceTree = "<group>"; };
		C15902121C828018008A633C /* 143.cpp */ = {isa = PBXFileReference; fileEncoding = 4; lastKnownFileType = sourcecode.cpp.cpp; path = 143.cpp; sourceTree = "<group>"; };
		C15F09771B05B12500D368FA /* 038.cpp */ = {isa = PBXFileReference; fileEncoding = 4; lastKnownFileType = sourcecode.cpp.cpp; path = 038.cpp; sourceTree = "<group>"; };
		C15F09791B05BC8200D368FA /* 038.c */ = {isa = PBXFileReference; fileEncoding = 4; lastKnownFileType = sourcecode.c.c; path = 038.c; sourceTree = "<group>"; };
		C15F5EB41C8E714000507D37 /* 160.cpp */ = {isa = PBXFileReference; fileEncoding = 4; lastKnownFileType = sourcecode.cpp.cpp; path = 160.cpp; sourceTree = "<group>"; };
		C15FFFFC1AE5DEF800EE2940 /* 014.cpp */ = {isa = PBXFileReference; fileEncoding = 4; lastKnownFileType = sourcecode.cpp.cpp; path = 014.cpp; sourceTree = "<group>"; };
		C15FFFFE1AE5E3D600EE2940 /* 014.c */ = {isa = PBXFileReference; fileEncoding = 4; lastKnownFileType = sourcecode.c.c; path = 014.c; sourceTree = "<group>"; };
		C160F5791AF68AAB00AAA403 /* 028.c */ = {isa = PBXFileReference; fileEncoding = 4; lastKnownFileType = sourcecode.c.c; path = 028.c; sourceTree = "<group>"; };
		C163E7941C48CDB400296202 /* 106.cpp */ = {isa = PBXFileReference; fileEncoding = 4; lastKnownFileType = sourcecode.cpp.cpp; path = 106.cpp; sourceTree = "<group>"; };
		C16406941AF7468C003887C1 /* 029.cpp */ = {isa = PBXFileReference; fileEncoding = 4; lastKnownFileType = sourcecode.cpp.cpp; path = 029.cpp; sourceTree = "<group>"; };
		C166500C1C915FDE00D858C7 /* 171.cpp */ = {isa = PBXFileReference; fileEncoding = 4; lastKnownFileType = sourcecode.cpp.cpp; path = 171.cpp; sourceTree = "<group>"; };
		C166500E1C915FF500D858C7 /* 172.cpp */ = {isa = PBXFileReference; fileEncoding = 4; lastKnownFileType = sourcecode.cpp.cpp; path = 172.cpp; sourceTree = "<group>"; };
		C1687DD21CA10443004A7FA5 /* 188.cpp */ = {isa = PBXFileReference; fileEncoding = 4; lastKnownFileType = sourcecode.cpp.cpp; path = 188.cpp; sourceTree = "<group>"; };
		C1687DD41CA104D0004A7FA5 /* 189.cpp */ = {isa = PBXFileReference; fileEncoding = 4; lastKnownFileType = sourcecode.cpp.cpp; path = 189.cpp; sourceTree = "<group>"; };
		C1687DD61CA104F2004A7FA5 /* 190.cpp */ = {isa = PBXFileReference; fileEncoding = 4; lastKnownFileType = sourcecode.cpp.cpp; path = 190.cpp; sourceTree = "<group>"; };
		C16A039E1B07B93B00993867 /* 039.cpp */ = {isa = PBXFileReference; fileEncoding = 4; lastKnownFileType = sourcecode.cpp.cpp; path = 039.cpp; sourceTree = "<group>"; };
		C16A03A41B0860A800993867 /* 040.cpp */ = {isa = PBXFileReference; fileEncoding = 4; lastKnownFileType = sourcecode.cpp.cpp; path = 040.cpp; sourceTree = "<group>"; };
		C16ABFA01CEC21A0008FADC4 /* 239.cpp */ = {isa = PBXFileReference; fileEncoding = 4; lastKnownFileType = sourcecode.cpp.cpp; path = 239.cpp; sourceTree = "<group>"; };
		C16ABFA21CEC21BC008FADC4 /* 240.cpp */ = {isa = PBXFileReference; fileEncoding = 4; lastKnownFileType = sourcecode.cpp.cpp; path = 240.cpp; sourceTree = "<group>"; };
		C16B02651C756C540036113C /* 131.cpp */ = {isa = PBXFileReference; fileEncoding = 4; lastKnownFileType = sourcecode.cpp.cpp; path = 131.cpp; sourceTree = "<group>"; };
		C170341D1CF1572200DCCCE1 /* 279.cpp */ = {isa = PBXFileReference; fileEncoding = 4; lastKnownFileType = sourcecode.cpp.cpp; path = 279.cpp; sourceTree = "<group>"; };
		C17228EA1C1937AF0030DD4A /* 056.cpp */ = {isa = PBXFileReference; fileEncoding = 4; lastKnownFileType = sourcecode.cpp.cpp; path = 056.cpp; sourceTree = "<group>"; };
		C172B0041AE9D8E100882FED /* 017.c */ = {isa = PBXFileReference; fileEncoding = 4; lastKnownFileType = sourcecode.c.c; path = 017.c; sourceTree = "<group>"; };
		C178B95E1CE58F020050AF53 /* 229.cpp */ = {isa = PBXFileReference; fileEncoding = 4; lastKnownFileType = sourcecode.cpp.cpp; path = 229.cpp; sourceTree = "<group>"; };
		C178B9601CE58F400050AF53 /* 230.cpp */ = {isa = PBXFileReference; fileEncoding = 4; lastKnownFileType = sourcecode.cpp.cpp; path = 230.cpp; sourceTree = "<group>"; };
		C179B5001C2B93F7006D5746 /* 069.cpp */ = {isa = PBXFileReference; fileEncoding = 4; lastKnownFileType = sourcecode.cpp.cpp; path = 069.cpp; sourceTree = "<group>"; };
		C179B5021C2B9449006D5746 /* 069.c */ = {isa = PBXFileReference; fileEncoding = 4; lastKnownFileType = sourcecode.c.c; path = 069.c; sourceTree = "<group>"; };
		C179B5041C2B94C1006D5746 /* 070.cpp */ = {isa = PBXFileReference; fileEncoding = 4; lastKnownFileType = sourcecode.cpp.cpp; path = 070.cpp; sourceTree = "<group>"; };
		C179B5061C2B94E8006D5746 /* 070.c */ = {isa = PBXFileReference; fileEncoding = 4; lastKnownFileType = sourcecode.c.c; path = 070.c; sourceTree = "<group>"; };
		C179B5081C2B957E006D5746 /* 071.cpp */ = {isa = PBXFileReference; fileEncoding = 4; lastKnownFileType = sourcecode.cpp.cpp; path = 071.cpp; sourceTree = "<group>"; };
		C179B50A1C2B96D3006D5746 /* 072.cpp */ = {isa = PBXFileReference; fileEncoding = 4; lastKnownFileType = sourcecode.cpp.cpp; path = 072.cpp; sourceTree = "<group>"; };
		C17A85341C80171700307017 /* 139.cpp */ = {isa = PBXFileReference; fileEncoding = 4; lastKnownFileType = sourcecode.cpp.cpp; path = 139.cpp; sourceTree = "<group>"; };
		C17BDD3A1CBCAA3300F6904A /* 211.cpp */ = {isa = PBXFileReference; fileEncoding = 4; lastKnownFileType = sourcecode.cpp.cpp; path = 211.cpp; sourceTree = "<group>"; };
		C17BDD3C1CBCAEB100F6904A /* 212.cpp */ = {isa = PBXFileReference; fileEncoding = 4; lastKnownFileType = sourcecode.cpp.cpp; path = 212.cpp; sourceTree = "<group>"; };
		C17D22671C97A27E00E29206 /* 173.cpp */ = {isa = PBXFileReference; fileEncoding = 4; lastKnownFileType = sourcecode.cpp.cpp; path = 173.cpp; sourceTree = "<group>"; };
		C17D22691C97A29D00E29206 /* 174.cpp */ = {isa = PBXFileReference; fileEncoding = 4; lastKnownFileType = sourcecode.cpp.cpp; path = 174.cpp; sourceTree = "<group>"; };
		C17D4F601C7EABBB004ED17F /* 135.cpp */ = {isa = PBXFileReference; fileEncoding = 4; lastKnownFileType = sourcecode.cpp.cpp; path = 135.cpp; sourceTree = "<group>"; };
		C17D70241C2129F300476CEA /* 058.cpp */ = {isa = PBXFileReference; fileEncoding = 4; lastKnownFileType = sourcecode.cpp.cpp; path = 058.cpp; sourceTree = "<group>"; };
		C17D70261C212A9000476CEA /* 058.c */ = {isa = PBXFileReference; fileEncoding = 4; lastKnownFileType = sourcecode.c.c; path = 058.c; sourceTree = "<group>"; };
		C17D70281C21349500476CEA /* 059.cpp */ = {isa = PBXFileReference; fileEncoding = 4; lastKnownFileType = sourcecode.cpp.cpp; path = 059.cpp; sourceTree = "<group>"; };
		C17D702A1C214D5500476CEA /* 059.c */ = {isa = PBXFileReference; fileEncoding = 4; lastKnownFileType = sourcecode.c.c; path = 059.c; sourceTree = "<group>"; };
		C17DE7DA1D1F4FC3005D18FA /* 310.cpp */ = {isa = PBXFileReference; fileEncoding = 4; lastKnownFileType = sourcecode.cpp.cpp; path = 310.cpp; sourceTree = "<group>"; };
		C17ED2811CA1063600A5F102 /* 191.cpp */ = {isa = PBXFileReference; fileEncoding = 4; lastKnownFileType = sourcecode.cpp.cpp; path = 191.cpp; sourceTree = "<group>"; };
		C1806BA51AD4CE28004D90AF /* 001.cpp */ = {isa = PBXFileReference; lastKnownFileType = sourcecode.cpp.cpp; path = 001.cpp; sourceTree = "<group>"; };
		C1806BA61AD4CE56004D90AF /* 001.c */ = {isa = PBXFileReference; lastKnownFileType = sourcecode.c.c; path = 001.c; sourceTree = "<group>"; };
		C1806BA71AD4CE79004D90AF /* 002.cpp */ = {isa = PBXFileReference; lastKnownFileType = sourcecode.cpp.cpp; path = 002.cpp; sourceTree = "<group>"; };
		C18766C61AE22A5A00473A04 /* 010.c */ = {isa = PBXFileReference; fileEncoding = 4; lastKnownFileType = sourcecode.c.c; path = 010.c; sourceTree = "<group>"; };
		C189AD0A1CDED66B003A6389 /* 221.cpp */ = {isa = PBXFileReference; fileEncoding = 4; lastKnownFileType = sourcecode.cpp.cpp; path = 221.cpp; sourceTree = "<group>"; };
		C18A9DF81C3E039200D1AD74 /* 081.cpp */ = {isa = PBXFileReference; fileEncoding = 4; lastKnownFileType = sourcecode.cpp.cpp; path = 081.cpp; sourceTree = "<group>"; };
		C18A9DFA1C3E03BA00D1AD74 /* 082.cpp */ = {isa = PBXFileReference; fileEncoding = 4; lastKnownFileType = sourcecode.cpp.cpp; path = 082.cpp; sourceTree = "<group>"; };
		C18A9DFC1C3E03E300D1AD74 /* 083.cpp */ = {isa = PBXFileReference; fileEncoding = 4; lastKnownFileType = sourcecode.cpp.cpp; path = 083.cpp; sourceTree = "<group>"; };
		C18A9DFE1C3E03FF00D1AD74 /* 084.cpp */ = {isa = PBXFileReference; fileEncoding = 4; lastKnownFileType = sourcecode.cpp.cpp; path = 084.cpp; sourceTree = "<group>"; };
		C18C5C491C2902F800A48BA3 /* 068.cpp */ = {isa = PBXFileReference; fileEncoding = 4; lastKnownFileType = sourcecode.cpp.cpp; path = 068.cpp; sourceTree = "<group>"; };
		C18C5C4B1C29037000A48BA3 /* 068.c */ = {isa = PBXFileReference; fileEncoding = 4; lastKnownFileType = sourcecode.c.c; path = 068.c; sourceTree = "<group>"; };
		C18F496B1C386F5500FE5E8D /* 074.cpp */ = {isa = PBXFileReference; fileEncoding = 4; lastKnownFileType = sourcecode.cpp.cpp; path = 074.cpp; sourceTree = "<group>"; };
		C19058D71AD64F5F0096FC85 /* 004.c */ = {isa = PBXFileReference; fileEncoding = 4; lastKnownFileType = sourcecode.c.c; path = 004.c; sourceTree = "<group>"; };
		C19370621C22813700D862F3 /* 062.cpp */ = {isa = PBXFileReference; fileEncoding = 4; lastKnownFileType = sourcecode.cpp.cpp; path = 062.cpp; sourceTree = "<group>"; };
		C19370641C2286BB00D862F3 /* 062.c */ = {isa = PBXFileReference; fileEncoding = 4; lastKnownFileType = sourcecode.c.c; path = 062.c; sourceTree = "<group>"; };
		C19451511C6589DB00AEC153 /* 123.cpp */ = {isa = PBXFileReference; fileEncoding = 4; lastKnownFileType = sourcecode.cpp.cpp; path = 123.cpp; sourceTree = "<group>"; };
		C19451531C658A0500AEC153 /* 124.cpp */ = {isa = PBXFileReference; fileEncoding = 4; lastKnownFileType = sourcecode.cpp.cpp; path = 124.cpp; sourceTree = "<group>"; };
		C19451551C658A5400AEC153 /* 125.cpp */ = {isa = PBXFileReference; fileEncoding = 4; lastKnownFileType = sourcecode.cpp.cpp; path = 125.cpp; sourceTree = "<group>"; };
		C1950E381AF1F5B400C4C2B8 /* 023.cpp */ = {isa = PBXFileReference; fileEncoding = 4; lastKnownFileType = sourcecode.cpp.cpp; path = 023.cpp; sourceTree = "<group>"; };
		C1950E3A1AF3258E00C4C2B8 /* 023.c */ = {isa = PBXFileReference; fileEncoding = 4; lastKnownFileType = sourcecode.c.c; path = 023.c; sourceTree = "<group>"; };
		C1950E3C1AF3270C00C4C2B8 /* 024.cpp */ = {isa = PBXFileReference; fileEncoding = 4; lastKnownFileType = sourcecode.cpp.cpp; path = 024.cpp; sourceTree = "<group>"; };
		C1950E3E1AF3275400C4C2B8 /* 024.c */ = {isa = PBXFileReference; fileEncoding = 4; lastKnownFileType = sourcecode.c.c; path = 024.c; sourceTree = "<group>"; };
		C1950E401AF327A900C4C2B8 /* 025.cpp */ = {isa = PBXFileReference; fileEncoding = 4; lastKnownFileType = sourcecode.cpp.cpp; path = 025.cpp; sourceTree = "<group>"; };
		C19526441C16A12400DFF1B5 /* 053.cpp */ = {isa = PBXFileReference; fileEncoding = 4; lastKnownFileType = sourcecode.cpp.cpp; path = 053.cpp; sourceTree = "<group>"; };
		C19526461C17F6F700DFF1B5 /* 053.c */ = {isa = PBXFileReference; fileEncoding = 4; lastKnownFileType = sourcecode.c.c; path = 053.c; sourceTree = "<group>"; };
		C19526481C17FBCE00DFF1B5 /* 054.cpp */ = {isa = PBXFileReference; fileEncoding = 4; lastKnownFileType = sourcecode.cpp.cpp; path = 054.cpp; sourceTree = "<group>"; };
		C195264A1C1811A000DFF1B5 /* 054.c */ = {isa = PBXFileReference; fileEncoding = 4; lastKnownFileType = sourcecode.c.c; path = 054.c; sourceTree = "<group>"; };
		C19558581D1BA14D00F5ABD5 /* 307.cpp */ = {isa = PBXFileReference; fileEncoding = 4; lastKnownFileType = sourcecode.cpp.cpp; path = 307.cpp; sourceTree = "<group>"; };
		C195585A1D1BA16400F5ABD5 /* 309.cpp */ = {isa = PBXFileReference; fileEncoding = 4; lastKnownFileType = sourcecode.cpp.cpp; path = 309.cpp; sourceTree = "<group>"; };
		C1967A1B1C852BDC0006499E /* 148.cpp */ = {isa = PBXFileReference; fileEncoding = 4; lastKnownFileType = sourcecode.cpp.cpp; path = 148.cpp; sourceTree = "<group>"; };
		C1968C6C1C28FD8D00A67C30 /* 067.cpp */ = {isa = PBXFileReference; fileEncoding = 4; lastKnownFileType = sourcecode.cpp.cpp; path = 067.cpp; sourceTree = "<group>"; };
		C1968C6E1C28FDBF00A67C30 /* 067.c */ = {isa = PBXFileReference; fileEncoding = 4; lastKnownFileType = sourcecode.c.c; path = 067.c; sourceTree = "<group>"; };
		C19A5EF41C80082700DD6B23 /* 136.cpp */ = {isa = PBXFileReference; fileEncoding = 4; lastKnownFileType = sourcecode.cpp.cpp; path = 136.cpp; sourceTree = "<group>"; };
		C19A5EF61C80085600DD6B23 /* 137.cpp */ = {isa = PBXFileReference; fileEncoding = 4; lastKnownFileType = sourcecode.cpp.cpp; path = 137.cpp; sourceTree = "<group>"; };
		C19A5EF81C80088C00DD6B23 /* 138.cpp */ = {isa = PBXFileReference; fileEncoding = 4; lastKnownFileType = sourcecode.cpp.cpp; path = 138.cpp; sourceTree = "<group>"; };
		C19CA7841BA3DCBA00FA323B /* 050.cpp */ = {isa = PBXFileReference; fileEncoding = 4; lastKnownFileType = sourcecode.cpp.cpp; path = 050.cpp; sourceTree = "<group>"; };
		C19CA7861BA7CAFE00FA323B /* 050.c */ = {isa = PBXFileReference; fileEncoding = 4; lastKnownFileType = sourcecode.c.c; path = 050.c; sourceTree = "<group>"; };
		C19CA7881BA7D08200FA323B /* 051.cpp */ = {isa = PBXFileReference; fileEncoding = 4; lastKnownFileType = sourcecode.cpp.cpp; path = 051.cpp; sourceTree = "<group>"; };
		C19F664F1ADE06140008F5D9 /* 009.cpp */ = {isa = PBXFileReference; fileEncoding = 4; lastKnownFileType = sourcecode.cpp.cpp; path = 009.cpp; sourceTree = "<group>"; };
		C19F66511ADE29C20008F5D9 /* 009.c */ = {isa = PBXFileReference; fileEncoding = 4; lastKnownFileType = sourcecode.c.c; path = 009.c; sourceTree = "<group>"; };
		C1A1B35D1C1926C400607E16 /* 055.cpp */ = {isa = PBXFileReference; fileEncoding = 4; lastKnownFileType = sourcecode.cpp.cpp; path = 055.cpp; sourceTree = "<group>"; };
		C1A1B35F1C192B9400607E16 /* 055.c */ = {isa = PBXFileReference; fileEncoding = 4; lastKnownFileType = sourcecode.c.c; path = 055.c; sourceTree = "<group>"; };
		C1A2179F1C3B9B950095874E /* 075.cpp */ = {isa = PBXFileReference; fileEncoding = 4; lastKnownFileType = sourcecode.cpp.cpp; path = 075.cpp; sourceTree = "<group>"; };
		C1A360D91C226D3C00E145E3 /* 061.cpp */ = {isa = PBXFileReference; fileEncoding = 4; lastKnownFileType = sourcecode.cpp.cpp; path = 061.cpp; sourceTree = "<group>"; };
		C1A360DB1C226E9C00E145E3 /* 061.c */ = {isa = PBXFileReference; fileEncoding = 4; lastKnownFileType = sourcecode.c.c; path = 061.c; sourceTree = "<group>"; };
		C1A3F1061ADF477E00461CE0 /* 010.cpp */ = {isa = PBXFileReference; fileEncoding = 4; lastKnownFileType = sourcecode.cpp.cpp; path = 010.cpp; sourceTree = "<group>"; };
		C1A480651C7827C40099C3FE /* 133.cpp */ = {isa = PBXFileReference; fileEncoding = 4; lastKnownFileType = sourcecode.cpp.cpp; path = 133.cpp; sourceTree = "<group>"; };
		C1A85B2C1C49DFC2005BF9C6 /* 107.cpp */ = {isa = PBXFileReference; fileEncoding = 4; lastKnownFileType = sourcecode.cpp.cpp; path = 107.cpp; sourceTree = "<group>"; };
		C1A85B2E1C49DFED005BF9C6 /* 108.cpp */ = {isa = PBXFileReference; fileEncoding = 4; lastKnownFileType = sourcecode.cpp.cpp; path = 108.cpp; sourceTree = "<group>"; };
		C1A85B301C49E031005BF9C6 /* 109.cpp */ = {isa = PBXFileReference; fileEncoding = 4; lastKnownFileType = sourcecode.cpp.cpp; path = 109.cpp; sourceTree = "<group>"; };
		C1A85B321C49E07E005BF9C6 /* 110.cpp */ = {isa = PBXFileReference; fileEncoding = 4; lastKnownFileType = sourcecode.cpp.cpp; path = 110.cpp; sourceTree = "<group>"; };
		C1A85B341C49E0A8005BF9C6 /* list.cpp */ = {isa = PBXFileReference; fileEncoding = 4; lastKnownFileType = sourcecode.cpp.cpp; path = list.cpp; sourceTree = "<group>"; };
		C1A94DC01AF071680082E4F8 /* 020.cpp */ = {isa = PBXFileReference; fileEncoding = 4; lastKnownFileType = sourcecode.cpp.cpp; path = 020.cpp; sourceTree = "<group>"; };
		C1A94DC21AF077470082E4F8 /* 020.c */ = {isa = PBXFileReference; fileEncoding = 4; lastKnownFileType = sourcecode.c.c; path = 020.c; sourceTree = "<group>"; };
		C1A94DC41AF08BD90082E4F8 /* 021.cpp */ = {isa = PBXFileReference; fileEncoding = 4; lastKnownFileType = sourcecode.cpp.cpp; path = 021.cpp; sourceTree = "<group>"; };
		C1AD688C1AE4EA86002B3A8D /* 013.cpp */ = {isa = PBXFileReference; fileEncoding = 4; lastKnownFileType = sourcecode.cpp.cpp; path = 013.cpp; sourceTree = "<group>"; };
		C1AD688E1AE4F179002B3A8D /* 013.c */ = {isa = PBXFileReference; fileEncoding = 4; lastKnownFileType = sourcecode.c.c; path = 013.c; sourceTree = "<group>"; };
		C1ADDE291B9929F7000C71AE /* 047.c */ = {isa = PBXFileReference; fileEncoding = 4; lastKnownFileType = sourcecode.c.c; path = 047.c; sourceTree = "<group>"; };
		C1AFE0DB1C40A78E001858C8 /* 091.cpp */ = {isa = PBXFileReference; fileEncoding = 4; lastKnownFileType = sourcecode.cpp.cpp; path = 091.cpp; sourceTree = "<group>"; };
		C1AFE0DE1C40A888001858C8 /* 092.cpp */ = {isa = PBXFileReference; fileEncoding = 4; lastKnownFileType = sourcecode.cpp.cpp; path = 092.cpp; sourceTree = "<group>"; };
		C1AFE0E01C40A8DD001858C8 /* 093.cpp */ = {isa = PBXFileReference; fileEncoding = 4; lastKnownFileType = sourcecode.cpp.cpp; path = 093.cpp; sourceTree = "<group>"; };
		C1AFE0E21C40BF30001858C8 /* 094.cpp */ = {isa = PBXFileReference; fileEncoding = 4; lastKnownFileType = sourcecode.cpp.cpp; path = 094.cpp; sourceTree = "<group>"; };
		C1AFE0E41C40D38D001858C8 /* tree.cpp */ = {isa = PBXFileReference; fileEncoding = 4; lastKnownFileType = sourcecode.cpp.cpp; path = tree.cpp; sourceTree = "<group>"; };
		C1AFE0E71C40E09D001858C8 /* 095.cpp */ = {isa = PBXFileReference; fileEncoding = 4; lastKnownFileType = sourcecode.cpp.cpp; path = 095.cpp; sourceTree = "<group>"; };
		C1BB1DCC1AD9D29A00FB8C70 /* 005.c */ = {isa = PBXFileReference; fileEncoding = 4; lastKnownFileType = sourcecode.c.c; path = 005.c; sourceTree = "<group>"; };
		C1BBA72D1CE19F9E007F8AEF /* 224.cpp */ = {isa = PBXFileReference; fileEncoding = 4; lastKnownFileType = sourcecode.cpp.cpp; path = 224.cpp; sourceTree = "<group>"; };
		C1BBDAD71CF94C3C007FC1F2 /* 295.cpp */ = {isa = PBXFileReference; fileEncoding = 4; lastKnownFileType = sourcecode.cpp.cpp; path = 295.cpp; sourceTree = "<group>"; };
		C1C29E261CEAB0550017DC96 /* 238.cpp */ = {isa = PBXFileReference; fileEncoding = 4; lastKnownFileType = sourcecode.cpp.cpp; path = 238.cpp; sourceTree = "<group>"; };
		C1C2AAFC1C4DD22D00385EDC /* 116.cpp */ = {isa = PBXFileReference; fileEncoding = 4; lastKnownFileType = sourcecode.cpp.cpp; path = 116.cpp; sourceTree = "<group>"; };
		C1C2AAFE1C4DD24800385EDC /* 117.cpp */ = {isa = PBXFileReference; fileEncoding = 4; lastKnownFileType = sourcecode.cpp.cpp; path = 117.cpp; sourceTree = "<group>"; };
		C1C2AB001C4DD26400385EDC /* 118.cpp */ = {isa = PBXFileReference; fileEncoding = 4; lastKnownFileType = sourcecode.cpp.cpp; path = 118.cpp; sourceTree = "<group>"; };
		C1C2AB021C4DD28200385EDC /* 119.cpp */ = {isa = PBXFileReference; fileEncoding = 4; lastKnownFileType = sourcecode.cpp.cpp; path = 119.cpp; sourceTree = "<group>"; };
		C1C2AB041C4DD2A300385EDC /* 120.cpp */ = {isa = PBXFileReference; fileEncoding = 4; lastKnownFileType = sourcecode.cpp.cpp; path = 120.cpp; sourceTree = "<group>"; };
		C1C3745C1CB1DA450024D9F0 /* 207.cpp */ = {isa = PBXFileReference; fileEncoding = 4; lastKnownFileType = sourcecode.cpp.cpp; path = 207.cpp; sourceTree = "<group>"; };
		C1C3745E1CB1F9DF0024D9F0 /* 208.cpp */ = {isa = PBXFileReference; fileEncoding = 4; lastKnownFileType = sourcecode.cpp.cpp; path = 208.cpp; sourceTree = "<group>"; };
		C1C48F6E1C827E9C002DA338 /* 140.cpp */ = {isa = PBXFileReference; fileEncoding = 4; lastKnownFileType = sourcecode.cpp.cpp; path = 140.cpp; sourceTree = "<group>"; };
		C1C54FAB1B0C1F6E00CA64BF /* 043.cpp */ = {isa = PBXFileReference; fileEncoding = 4; lastKnownFileType = sourcecode.cpp.cpp; path = 043.cpp; sourceTree = "<group>"; };
		C1C54FAD1B0C4C1A00CA64BF /* 043.c */ = {isa = PBXFileReference; fileEncoding = 4; lastKnownFileType = sourcecode.c.c; path = 043.c; sourceTree = "<group>"; };
		C1C56CD31AEE123E00308676 /* 018.cpp */ = {isa = PBXFileReference; fileEncoding = 4; lastKnownFileType = sourcecode.cpp.cpp; path = 018.cpp; sourceTree = "<group>"; };
		C1C5D1B91CDECD4C00F002C9 /* 220.cpp */ = {isa = PBXFileReference; fileEncoding = 4; lastKnownFileType = sourcecode.cpp.cpp; path = 220.cpp; sourceTree = "<group>"; };
		C1C6FEFA1CE8096C006269CD /* 237.cpp */ = {isa = PBXFileReference; fileEncoding = 4; lastKnownFileType = sourcecode.cpp.cpp; path = 237.cpp; sourceTree = "<group>"; };
		C1C7D1091B087400006B2A3D /* 041.cpp */ = {isa = PBXFileReference; fileEncoding = 4; lastKnownFileType = sourcecode.cpp.cpp; path = 041.cpp; sourceTree = "<group>"; };
		C1C7D10B1B0ABD4E006B2A3D /* 041.c */ = {isa = PBXFileReference; fileEncoding = 4; lastKnownFileType = sourcecode.c.c; path = 041.c; sourceTree = "<group>"; };
		C1C7D10D1B0ABDBD006B2A3D /* 042.cpp */ = {isa = PBXFileReference; fileEncoding = 4; lastKnownFileType = sourcecode.cpp.cpp; path = 042.cpp; sourceTree = "<group>"; };
		C1C7D10F1B0B02A0006B2A3D /* 042.c */ = {isa = PBXFileReference; fileEncoding = 4; lastKnownFileType = sourcecode.c.c; path = 042.c; sourceTree = "<group>"; };
		C1C831271C8E7178008A36A3 /* 162.cpp */ = {isa = PBXFileReference; fileEncoding = 4; lastKnownFileType = sourcecode.cpp.cpp; path = 162.cpp; sourceTree = "<group>"; };
		C1C9C5C31CF6BF6D006D04EF /* 292.cpp */ = {isa = PBXFileReference; fileEncoding = 4; lastKnownFileType = sourcecode.cpp.cpp; path = 292.cpp; sourceTree = "<group>"; };
		C1CA1F131C27F36100A71E89 /* 066.c */ = {isa = PBXFileReference; fileEncoding = 4; lastKnownFileType = sourcecode.c.c; path = 066.c; sourceTree = "<group>"; };
		C1CA1F141C27F36100A71E89 /* 066.cpp */ = {isa = PBXFileReference; fileEncoding = 4; lastKnownFileType = sourcecode.cpp.cpp; path = 066.cpp; sourceTree = "<group>"; };
		C1CA62461AF86EDE00C51AAC /* 029.c */ = {isa = PBXFileReference; fileEncoding = 4; lastKnownFileType = sourcecode.c.c; path = 029.c; sourceTree = "<group>"; };
		C1D06C241C1E3B5D00C102CC /* 057.cpp */ = {isa = PBXFileReference; fileEncoding = 4; lastKnownFileType = sourcecode.cpp.cpp; path = 057.cpp; sourceTree = "<group>"; };
		C1D06C281C1FF33100C102CC /* 057.c */ = {isa = PBXFileReference; fileEncoding = 4; lastKnownFileType = sourcecode.c.c; path = 057.c; sourceTree = "<group>"; };
		C1D136CE1ADB2EF600FA2BF9 /* 006.c */ = {isa = PBXFileReference; fileEncoding = 4; lastKnownFileType = sourcecode.c.c; path = 006.c; sourceTree = "<group>"; };
		C1D136D21ADB505800FA2BF9 /* 007.cpp */ = {isa = PBXFileReference; fileEncoding = 4; lastKnownFileType = sourcecode.cpp.cpp; path = 007.cpp; sourceTree = "<group>"; };
		C1D136D41ADB67D500FA2BF9 /* 007.c */ = {isa = PBXFileReference; fileEncoding = 4; lastKnownFileType = sourcecode.c.c; path = 007.c; sourceTree = "<group>"; };
		C1D136D71ADB71C400FA2BF9 /* 008.cpp */ = {isa = PBXFileReference; fileEncoding = 4; lastKnownFileType = sourcecode.cpp.cpp; path = 008.cpp; sourceTree = "<group>"; };
		C1D1D1461B02E2FC007DCF14 /* 037.cpp */ = {isa = PBXFileReference; fileEncoding = 4; lastKnownFileType = sourcecode.cpp.cpp; path = 037.cpp; sourceTree = "<group>"; };
		C1D2869C1C473AED0054CDFF /* 100.cpp */ = {isa = PBXFileReference; fileEncoding = 4; lastKnownFileType = sourcecode.cpp.cpp; path = 100.cpp; sourceTree = "<group>"; };
		C1D326E31C75A5AC00404558 /* 132.cpp */ = {isa = PBXFileReference; fileEncoding = 4; lastKnownFileType = sourcecode.cpp.cpp; path = 132.cpp; sourceTree = "<group>"; };
		C1D54C471B9D11BA0062497A /* 048.cpp */ = {isa = PBXFileReference; fileEncoding = 4; lastKnownFileType = sourcecode.cpp.cpp; path = 048.cpp; sourceTree = "<group>"; };
		C1D54C491B9D121C0062497A /* 048.c */ = {isa = PBXFileReference; fileEncoding = 4; lastKnownFileType = sourcecode.c.c; path = 048.c; sourceTree = "<group>"; };
		C1D54C4B1B9D12440062497A /* 049.cpp */ = {isa = PBXFileReference; fileEncoding = 4; lastKnownFileType = sourcecode.cpp.cpp; path = 049.cpp; sourceTree = "<group>"; };
		C1D54C4D1B9D23430062497A /* 049.c */ = {isa = PBXFileReference; fileEncoding = 4; lastKnownFileType = sourcecode.c.c; path = 049.c; sourceTree = "<group>"; };
		C1D559491C6FFAC50001910B /* 126.cpp */ = {isa = PBXFileReference; fileEncoding = 4; lastKnownFileType = sourcecode.cpp.cpp; path = 126.cpp; sourceTree = "<group>"; };
		C1DB30CC1B046172009E06AF /* 037.c */ = {isa = PBXFileReference; fileEncoding = 4; lastKnownFileType = sourcecode.c.c; path = 037.c; sourceTree = "<group>"; };
		C1DC59FD1AD75435007D82C7 /* 005.cpp */ = {isa = PBXFileReference; fileEncoding = 4; lastKnownFileType = sourcecode.cpp.cpp; path = 005.cpp; sourceTree = "<group>"; };
		C1DE82D91AE42D8F0093701E /* 011.cpp */ = {isa = PBXFileReference; fileEncoding = 4; lastKnownFileType = sourcecode.cpp.cpp; path = 011.cpp; sourceTree = "<group>"; };
		C1DE82DB1AE435770093701E /* 011.c */ = {isa = PBXFileReference; fileEncoding = 4; lastKnownFileType = sourcecode.c.c; path = 011.c; sourceTree = "<group>"; };
		C1E1C2481C97A62F0047AA2D /* 179.cpp */ = {isa = PBXFileReference; fileEncoding = 4; lastKnownFileType = sourcecode.cpp.cpp; path = 179.cpp; sourceTree = "<group>"; };
		C1E274C51CCF0404005973C9 /* 213.cpp */ = {isa = PBXFileReference; fileEncoding = 4; lastKnownFileType = sourcecode.cpp.cpp; path = 213.cpp; sourceTree = "<group>"; };
		C1E274C71CCF0454005973C9 /* 214.cpp */ = {isa = PBXFileReference; fileEncoding = 4; lastKnownFileType = sourcecode.cpp.cpp; path = 214.cpp; sourceTree = "<group>"; };
		C1E274C91CCF0477005973C9 /* 215.cpp */ = {isa = PBXFileReference; fileEncoding = 4; lastKnownFileType = sourcecode.cpp.cpp; path = 215.cpp; sourceTree = "<group>"; };
		C1E32E5C1CFE9F5000E1EA27 /* 297.cpp */ = {isa = PBXFileReference; fileEncoding = 4; lastKnownFileType = sourcecode.cpp.cpp; path = 297.cpp; sourceTree = "<group>"; };
		C1E32E5E1CFE9F8000E1EA27 /* 299.cpp */ = {isa = PBXFileReference; fileEncoding = 4; lastKnownFileType = sourcecode.cpp.cpp; path = 299.cpp; sourceTree = "<group>"; };
		C1E32E601CFE9FA000E1EA27 /* 300.cpp */ = {isa = PBXFileReference; fileEncoding = 4; lastKnownFileType = sourcecode.cpp.cpp; path = 300.cpp; sourceTree = "<group>"; };
		C1E488641AE89E19002365F2 /* 016.cpp */ = {isa = PBXFileReference; fileEncoding = 4; lastKnownFileType = sourcecode.cpp.cpp; path = 016.cpp; sourceTree = "<group>"; };
		C1E488681AE8BCCC002365F2 /* 016.c */ = {isa = PBXFileReference; fileEncoding = 4; lastKnownFileType = sourcecode.c.c; path = 016.c; sourceTree = "<group>"; };
		C1E4886A1AE8C84C002365F2 /* 017.cpp */ = {isa = PBXFileReference; fileEncoding = 4; lastKnownFileType = sourcecode.cpp.cpp; path = 017.cpp; sourceTree = "<group>"; };
		C1E512071C852B1A002D4E9C /* 146.cpp */ = {isa = PBXFileReference; fileEncoding = 4; lastKnownFileType = sourcecode.cpp.cpp; path = 146.cpp; sourceTree = "<group>"; };
		C1E512091C852B42002D4E9C /* 147.cpp */ = {isa = PBXFileReference; fileEncoding = 4; lastKnownFileType = sourcecode.cpp.cpp; path = 147.cpp; sourceTree = "<group>"; };
		C1E541781CCF0522004AE364 /* 216.cpp */ = {isa = PBXFileReference; fileEncoding = 4; lastKnownFileType = sourcecode.cpp.cpp; path = 216.cpp; sourceTree = "<group>"; };
		C1E657141CE807C2007105F4 /* 234.cpp */ = {isa = PBXFileReference; fileEncoding = 4; lastKnownFileType = sourcecode.cpp.cpp; path = 234.cpp; sourceTree = "<group>"; };
		C1E657161CE807DD007105F4 /* 235.cpp */ = {isa = PBXFileReference; fileEncoding = 4; lastKnownFileType = sourcecode.cpp.cpp; path = 235.cpp; sourceTree = "<group>"; };
		C1E657181CE807F6007105F4 /* 236.cpp */ = {isa = PBXFileReference; fileEncoding = 4; lastKnownFileType = sourcecode.cpp.cpp; path = 236.cpp; sourceTree = "<group>"; };
		C1E768381AF06FF700D6FB1B /* 019.cpp */ = {isa = PBXFileReference; fileEncoding = 4; lastKnownFileType = sourcecode.cpp.cpp; path = 019.cpp; sourceTree = "<group>"; };
		C1E7683A1AF0706B00D6FB1B /* 019.c */ = {isa = PBXFileReference; fileEncoding = 4; lastKnownFileType = sourcecode.c.c; path = 019.c; sourceTree = "<group>"; };
		C1E7830A1C896BD40019869C /* 151.cpp */ = {isa = PBXFileReference; fileEncoding = 4; lastKnownFileType = sourcecode.cpp.cpp; path = 151.cpp; sourceTree = "<group>"; };
		C1E7830C1C896BFF0019869C /* 152.cpp */ = {isa = PBXFileReference; fileEncoding = 4; lastKnownFileType = sourcecode.cpp.cpp; path = 152.cpp; sourceTree = "<group>"; };
		C1E7830E1C896C1B0019869C /* 153.cpp */ = {isa = PBXFileReference; fileEncoding = 4; lastKnownFileType = sourcecode.cpp.cpp; path = 153.cpp; sourceTree = "<group>"; };
		C1E783101C896C400019869C /* 154.cpp */ = {isa = PBXFileReference; fileEncoding = 4; lastKnownFileType = sourcecode.cpp.cpp; path = 154.cpp; sourceTree = "<group>"; };
		C1E783121C896C610019869C /* 155.cpp */ = {isa = PBXFileReference; fileEncoding = 4; lastKnownFileType = sourcecode.cpp.cpp; path = 155.cpp; sourceTree = "<group>"; };
		C1E86C011C741CAE00B8ABEF /* 128.cpp */ = {isa = PBXFileReference; fileEncoding = 4; lastKnownFileType = sourcecode.cpp.cpp; path = 128.cpp; sourceTree = "<group>"; };
		C1E86C031C741CE100B8ABEF /* 129.cpp */ = {isa = PBXFileReference; fileEncoding = 4; lastKnownFileType = sourcecode.cpp.cpp; path = 129.cpp; sourceTree = "<group>"; };
		C1E86C051C742A1400B8ABEF /* 130.cpp */ = {isa = PBXFileReference; fileEncoding = 4; lastKnownFileType = sourcecode.cpp.cpp; path = 130.cpp; sourceTree = "<group>"; };
		C1E960651AD4C197008D1C63 /* leetcode */ = {isa = PBXFileReference; explicitFileType = "compiled.mach-o.executable"; includeInIndex = 0; path = leetcode; sourceTree = BUILT_PRODUCTS_DIR; };
		C1E9606F1AD4C1A6008D1C63 /* 003.cpp */ = {isa = PBXFileReference; fileEncoding = 4; lastKnownFileType = sourcecode.cpp.cpp; path = 003.cpp; sourceTree = "<group>"; };
		C1E960711AD4C207008D1C63 /* 003.c */ = {isa = PBXFileReference; fileEncoding = 4; lastKnownFileType = sourcecode.c.c; path = 003.c; sourceTree = "<group>"; };
		C1E9839C1C44E14F0016D53D /* 096.cpp */ = {isa = PBXFileReference; fileEncoding = 4; lastKnownFileType = sourcecode.cpp.cpp; path = 096.cpp; sourceTree = "<group>"; };
		C1EB4B311C1A8EFF002DEE27 /* 056.c */ = {isa = PBXFileReference; fileEncoding = 4; lastKnownFileType = sourcecode.c.c; path = 056.c; sourceTree = "<group>"; };
		C1EBE14A1B42561E00A070F4 /* 046.cpp */ = {isa = PBXFileReference; fileEncoding = 4; lastKnownFileType = sourcecode.cpp.cpp; path = 046.cpp; sourceTree = "<group>"; };
		C1EBE14C1B4394B100A070F4 /* 046.c */ = {isa = PBXFileReference; fileEncoding = 4; lastKnownFileType = sourcecode.c.c; path = 046.c; sourceTree = "<group>"; };
		C1EBE1501B4BA58600A070F4 /* 047.cpp */ = {isa = PBXFileReference; fileEncoding = 4; lastKnownFileType = sourcecode.cpp.cpp; path = 047.cpp; sourceTree = "<group>"; };
		C1EC123D1B00953600CDA308 /* 033.cpp */ = {isa = PBXFileReference; fileEncoding = 4; lastKnownFileType = sourcecode.cpp.cpp; path = 033.cpp; sourceTree = "<group>"; };
		C1ECA6761CF4112500370803 /* 282.cpp */ = {isa = PBXFileReference; fileEncoding = 4; lastKnownFileType = sourcecode.cpp.cpp; path = 282.cpp; sourceTree = "<group>"; };
		C1F053201C3CBE6600597978 /* 076.cpp */ = {isa = PBXFileReference; fileEncoding = 4; lastKnownFileType = sourcecode.cpp.cpp; path = 076.cpp; sourceTree = "<group>"; };
		C1F053221C3CBEB800597978 /* 077.cpp */ = {isa = PBXFileReference; fileEncoding = 4; lastKnownFileType = sourcecode.cpp.cpp; path = 077.cpp; sourceTree = "<group>"; };
		C1F053241C3CC2A000597978 /* 078.cpp */ = {isa = PBXFileReference; fileEncoding = 4; lastKnownFileType = sourcecode.cpp.cpp; path = 078.cpp; sourceTree = "<group>"; };
		C1F053261C3CC2B900597978 /* 079.cpp */ = {isa = PBXFileReference; fileEncoding = 4; lastKnownFileType = sourcecode.cpp.cpp; path = 079.cpp; sourceTree = "<group>"; };
		C1F053281C3CC2F700597978 /* 080.cpp */ = {isa = PBXFileReference; fileEncoding = 4; lastKnownFileType = sourcecode.cpp.cpp; path = 080.cpp; sourceTree = "<group>"; };
		C1F0C0D71CF149A4007B261F /* 278.cpp */ = {isa = PBXFileReference; fileEncoding = 4; lastKnownFileType = sourcecode.cpp.cpp; path = 278.cpp; sourceTree = "<group>"; };
		C1F2B3781CF57553007C240D /* 283.cpp */ = {isa = PBXFileReference; fileEncoding = 4; lastKnownFileType = sourcecode.cpp.cpp; path = 283.cpp; sourceTree = "<group>"; };
		C1F2B37A1CF5756C007C240D /* 284.cpp */ = {isa = PBXFileReference; fileEncoding = 4; lastKnownFileType = sourcecode.cpp.cpp; path = 284.cpp; sourceTree = "<group>"; };
		C1F3C7441C49E13300C1A256 /* 111.cpp */ = {isa = PBXFileReference; fileEncoding = 4; lastKnownFileType = sourcecode.cpp.cpp; path = 111.cpp; sourceTree = "<group>"; };
		C1F3C7461C49E17D00C1A256 /* 112.cpp */ = {isa = PBXFileReference; fileEncoding = 4; lastKnownFileType = sourcecode.cpp.cpp; path = 112.cpp; sourceTree = "<group>"; };
		C1F3C7481C49E19E00C1A256 /* 113.cpp */ = {isa = PBXFileReference; fileEncoding = 4; lastKnownFileType = sourcecode.cpp.cpp; path = 113.cpp; sourceTree = "<group>"; };
		C1F3C74A1C49F88100C1A256 /* 114.cpp */ = {isa = PBXFileReference; fileEncoding = 4; lastKnownFileType = sourcecode.cpp.cpp; path = 114.cpp; sourceTree = "<group>"; };
		C1F3C74C1C4A01CF00C1A256 /* 115.cpp */ = {isa = PBXFileReference; fileEncoding = 4; lastKnownFileType = sourcecode.cpp.cpp; path = 115.cpp; sourceTree = "<group>"; };
		C1F7A0901C229B0500E82AD7 /* 063.cpp */ = {isa = PBXFileReference; fileEncoding = 4; lastKnownFileType = sourcecode.cpp.cpp; path = 063.cpp; sourceTree = "<group>"; };
		C1F7A0921C23BB6000E82AD7 /* 063.c */ = {isa = PBXFileReference; fileEncoding = 4; lastKnownFileType = sourcecode.c.c; path = 063.c; sourceTree = "<group>"; };
		C1F7A0941C23C20900E82AD7 /* 064.cpp */ = {isa = PBXFileReference; fileEncoding = 4; lastKnownFileType = sourcecode.cpp.cpp; path = 064.cpp; sourceTree = "<group>"; };
		C1F7A0961C23C24A00E82AD7 /* 064.c */ = {isa = PBXFileReference; fileEncoding = 4; lastKnownFileType = sourcecode.c.c; path = 064.c; sourceTree = "<group>"; };
		C1F7A0981C23C2E400E82AD7 /* 065.cpp */ = {isa = PBXFileReference; fileEncoding = 4; lastKnownFileType = sourcecode.cpp.cpp; path = 065.cpp; sourceTree = "<group>"; };
		C1F7A09A1C25457A00E82AD7 /* 065.c */ = {isa = PBXFileReference; fileEncoding = 4; lastKnownFileType = sourcecode.c.c; path = 065.c; sourceTree = "<group>"; };
		C1F804B41C4DEC5400BB887E /* 122.cpp */ = {isa = PBXFileReference; fileEncoding = 4; lastKnownFileType = sourcecode.cpp.cpp; path = 122.cpp; sourceTree = "<group>"; };
		C1F9EDF91AE4E18B00A1AB72 /* 012.c */ = {isa = PBXFileReference; fileEncoding = 4; lastKnownFileType = sourcecode.c.c; path = 012.c; sourceTree = "<group>"; };
		C1F9F3321C78E1730028A8AB /* graph.cpp */ = {isa = PBXFileReference; fileEncoding = 4; lastKnownFileType = sourcecode.cpp.cpp; path = graph.cpp; sourceTree = "<group>"; };
/* End PBXFileReference section */

/* Begin PBXFrameworksBuildPhase section */
		C1E960621AD4C197008D1C63 /* Frameworks */ = {
			isa = PBXFrameworksBuildPhase;
			buildActionMask = 2147483647;
			files = (
			);
			runOnlyForDeploymentPostprocessing = 0;
		};
/* End PBXFrameworksBuildPhase section */

/* Begin PBXGroup section */
		C1E9605C1AD4C197008D1C63 = {
			isa = PBXGroup;
			children = (
				C1E960671AD4C197008D1C63 /* leetcode */,
				C1E960661AD4C197008D1C63 /* Products */,
			);
			sourceTree = "<group>";
		};
		C1E960661AD4C197008D1C63 /* Products */ = {
			isa = PBXGroup;
			children = (
				C1E960651AD4C197008D1C63 /* leetcode */,
			);
			name = Products;
			sourceTree = "<group>";
		};
		C1E960671AD4C197008D1C63 /* leetcode */ = {
			isa = PBXGroup;
			children = (
				C1806BA51AD4CE28004D90AF /* 001.cpp */,
				C1806BA61AD4CE56004D90AF /* 001.c */,
				C1806BA71AD4CE79004D90AF /* 002.cpp */,
				C1E9606F1AD4C1A6008D1C63 /* 003.cpp */,
				C1E960711AD4C207008D1C63 /* 003.c */,
				C137311B1AD4E73600B69EAC /* 004.cpp */,
				C19058D71AD64F5F0096FC85 /* 004.c */,
				C1DC59FD1AD75435007D82C7 /* 005.cpp */,
				C1BB1DCC1AD9D29A00FB8C70 /* 005.c */,
				C1266A661ADA6F8200F4137E /* 006.cpp */,
				C1D136CE1ADB2EF600FA2BF9 /* 006.c */,
				C1D136D21ADB505800FA2BF9 /* 007.cpp */,
				C1D136D41ADB67D500FA2BF9 /* 007.c */,
				C1D136D71ADB71C400FA2BF9 /* 008.cpp */,
				C1520C381ADCF3710028946F /* 008.c */,
				C19F664F1ADE06140008F5D9 /* 009.cpp */,
				C19F66511ADE29C20008F5D9 /* 009.c */,
				C1A3F1061ADF477E00461CE0 /* 010.cpp */,
				C18766C61AE22A5A00473A04 /* 010.c */,
				C1DE82D91AE42D8F0093701E /* 011.cpp */,
				C1DE82DB1AE435770093701E /* 011.c */,
				C120EB281AE43E160010CFF1 /* 012.cpp */,
				C1F9EDF91AE4E18B00A1AB72 /* 012.c */,
				C1AD688C1AE4EA86002B3A8D /* 013.cpp */,
				C1AD688E1AE4F179002B3A8D /* 013.c */,
				C15FFFFC1AE5DEF800EE2940 /* 014.cpp */,
				C15FFFFE1AE5E3D600EE2940 /* 014.c */,
				C11023561AE60B5100B34679 /* 015.cpp */,
				C11023581AE7492200B34679 /* 015.c */,
				C1E488641AE89E19002365F2 /* 016.cpp */,
				C1E488681AE8BCCC002365F2 /* 016.c */,
				C1E4886A1AE8C84C002365F2 /* 017.cpp */,
				C172B0041AE9D8E100882FED /* 017.c */,
				C1C56CD31AEE123E00308676 /* 018.cpp */,
				C1E768381AF06FF700D6FB1B /* 019.cpp */,
				C1E7683A1AF0706B00D6FB1B /* 019.c */,
				C1A94DC01AF071680082E4F8 /* 020.cpp */,
				C1A94DC21AF077470082E4F8 /* 020.c */,
				C1A94DC41AF08BD90082E4F8 /* 021.cpp */,
				C13457761AF0A1FC00F359D3 /* 021.c */,
				C13457781AF0A2FC00F359D3 /* 022.cpp */,
				C134577A1AF0C2AA00F359D3 /* 022.c */,
				C1950E381AF1F5B400C4C2B8 /* 023.cpp */,
				C1950E3A1AF3258E00C4C2B8 /* 023.c */,
				C1950E3C1AF3270C00C4C2B8 /* 024.cpp */,
				C1950E3E1AF3275400C4C2B8 /* 024.c */,
				C1950E401AF327A900C4C2B8 /* 025.cpp */,
				C1184B5A1AF5AEEC00E0BFB8 /* 025.c */,
				C1184B5D1AF5E55300E0BFB8 /* 026.cpp */,
				C1184B631AF5F4D700E0BFB8 /* 026.c */,
				C1184B651AF5F91C00E0BFB8 /* 027.cpp */,
				C1184B671AF603B300E0BFB8 /* 027.c */,
				C1184B6A1AF60AE600E0BFB8 /* 028.cpp */,
				C160F5791AF68AAB00AAA403 /* 028.c */,
				C16406941AF7468C003887C1 /* 029.cpp */,
				C1CA62461AF86EDE00C51AAC /* 029.c */,
				C1479A391AFAF62700A4936D /* 030.cpp */,
				C11668ED1AFEFBC500A99703 /* 030.c */,
				C11668EF1AFF10B100A99703 /* 031.cpp */,
				C11668F11AFF3B2E00A99703 /* 031.c */,
				C153332F1AFFD030000E2940 /* 032.cpp */,
				C15333311B008095000E2940 /* 032.c */,
				C1EC123D1B00953600CDA308 /* 033.cpp */,
				C136485B1B01839300E76C74 /* 033.c */,
				C136485D1B0183F900E76C74 /* 034.cpp */,
				C136485F1B018AFE00E76C74 /* 034.c */,
				C13648611B01972600E76C74 /* 035.cpp */,
				C13648631B019B5A00E76C74 /* 035.c */,
				C13648651B019FBA00E76C74 /* 036.cpp */,
				C13648671B01B23B00E76C74 /* 036.c */,
				C1D1D1461B02E2FC007DCF14 /* 037.cpp */,
				C1DB30CC1B046172009E06AF /* 037.c */,
				C15F09771B05B12500D368FA /* 038.cpp */,
				C15F09791B05BC8200D368FA /* 038.c */,
				C16A039E1B07B93B00993867 /* 039.cpp */,
				C16A03A41B0860A800993867 /* 040.cpp */,
				C1C7D1091B087400006B2A3D /* 041.cpp */,
				C1C7D10B1B0ABD4E006B2A3D /* 041.c */,
				C1C7D10D1B0ABDBD006B2A3D /* 042.cpp */,
				C1C7D10F1B0B02A0006B2A3D /* 042.c */,
				C1C54FAB1B0C1F6E00CA64BF /* 043.cpp */,
				C1C54FAD1B0C4C1A00CA64BF /* 043.c */,
				C150259F1B35F31000CCA528 /* 044.cpp */,
				C15025A31B3A69A500CCA528 /* 044.c */,
				C15025A51B3A773900CCA528 /* 045.cpp */,
				C106D2BC1B412A7E00DCE667 /* 045.c */,
				C1EBE14A1B42561E00A070F4 /* 046.cpp */,
				C1EBE14C1B4394B100A070F4 /* 046.c */,
				C1EBE1501B4BA58600A070F4 /* 047.cpp */,
				C1ADDE291B9929F7000C71AE /* 047.c */,
				C1D54C471B9D11BA0062497A /* 048.cpp */,
				C1D54C491B9D121C0062497A /* 048.c */,
				C1D54C4B1B9D12440062497A /* 049.cpp */,
				C1D54C4D1B9D23430062497A /* 049.c */,
				C19CA7841BA3DCBA00FA323B /* 050.cpp */,
				C19CA7861BA7CAFE00FA323B /* 050.c */,
				C19CA7881BA7D08200FA323B /* 051.cpp */,
				C10034831C15623400CBF107 /* 052.cpp */,
				C19526441C16A12400DFF1B5 /* 053.cpp */,
				C19526461C17F6F700DFF1B5 /* 053.c */,
				C19526481C17FBCE00DFF1B5 /* 054.cpp */,
				C195264A1C1811A000DFF1B5 /* 054.c */,
				C1A1B35D1C1926C400607E16 /* 055.cpp */,
				C1A1B35F1C192B9400607E16 /* 055.c */,
				C17228EA1C1937AF0030DD4A /* 056.cpp */,
				C1EB4B311C1A8EFF002DEE27 /* 056.c */,
				C1D06C241C1E3B5D00C102CC /* 057.cpp */,
				C1D06C281C1FF33100C102CC /* 057.c */,
				C17D70241C2129F300476CEA /* 058.cpp */,
				C17D70261C212A9000476CEA /* 058.c */,
				C17D70281C21349500476CEA /* 059.cpp */,
				C17D702A1C214D5500476CEA /* 059.c */,
				C129C6541C2268F000765FEC /* 060.cpp */,
				C129C6561C22696D00765FEC /* 060.c */,
				C1A360D91C226D3C00E145E3 /* 061.cpp */,
				C1A360DB1C226E9C00E145E3 /* 061.c */,
				C19370621C22813700D862F3 /* 062.cpp */,
				C19370641C2286BB00D862F3 /* 062.c */,
				C1F7A0901C229B0500E82AD7 /* 063.cpp */,
				C1F7A0921C23BB6000E82AD7 /* 063.c */,
				C1F7A0941C23C20900E82AD7 /* 064.cpp */,
				C1F7A0961C23C24A00E82AD7 /* 064.c */,
				C1F7A0981C23C2E400E82AD7 /* 065.cpp */,
				C1F7A09A1C25457A00E82AD7 /* 065.c */,
				C1CA1F141C27F36100A71E89 /* 066.cpp */,
				C1CA1F131C27F36100A71E89 /* 066.c */,
				C1968C6C1C28FD8D00A67C30 /* 067.cpp */,
				C1968C6E1C28FDBF00A67C30 /* 067.c */,
				C18C5C491C2902F800A48BA3 /* 068.cpp */,
				C18C5C4B1C29037000A48BA3 /* 068.c */,
				C179B5001C2B93F7006D5746 /* 069.cpp */,
				C179B5021C2B9449006D5746 /* 069.c */,
				C179B5041C2B94C1006D5746 /* 070.cpp */,
				C179B5061C2B94E8006D5746 /* 070.c */,
				C179B5081C2B957E006D5746 /* 071.cpp */,
				C179B50A1C2B96D3006D5746 /* 072.cpp */,
				C133B9AC1C37B4AB009C6F56 /* 073.cpp */,
				C18F496B1C386F5500FE5E8D /* 074.cpp */,
				C1A2179F1C3B9B950095874E /* 075.cpp */,
				C1F053201C3CBE6600597978 /* 076.cpp */,
				C1F053221C3CBEB800597978 /* 077.cpp */,
				C1F053241C3CC2A000597978 /* 078.cpp */,
				C1F053261C3CC2B900597978 /* 079.cpp */,
				C1F053281C3CC2F700597978 /* 080.cpp */,
				C18A9DF81C3E039200D1AD74 /* 081.cpp */,
				C18A9DFA1C3E03BA00D1AD74 /* 082.cpp */,
				C18A9DFC1C3E03E300D1AD74 /* 083.cpp */,
				C18A9DFE1C3E03FF00D1AD74 /* 084.cpp */,
				C149A0911C40A601009DDEBD /* 085.cpp */,
				C149A0931C40A61D009DDEBD /* 086.cpp */,
				C149A0951C40A64C009DDEBD /* 087.cpp */,
				C149A0971C40A698009DDEBD /* 088.cpp */,
				C149A0991C40A6DA009DDEBD /* 089.cpp */,
				C149A09B1C40A6FE009DDEBD /* 090.cpp */,
				C1AFE0DB1C40A78E001858C8 /* 091.cpp */,
				C1AFE0DE1C40A888001858C8 /* 092.cpp */,
				C1AFE0E01C40A8DD001858C8 /* 093.cpp */,
				C1AFE0E21C40BF30001858C8 /* 094.cpp */,
				C1AFE0E71C40E09D001858C8 /* 095.cpp */,
				C1E9839C1C44E14F0016D53D /* 096.cpp */,
				C119FC211C4623BB0084D2B2 /* 097.cpp */,
				C119FC231C4624170084D2B2 /* 098.cpp */,
				C119FC251C4624500084D2B2 /* 099.cpp */,
				C1D2869C1C473AED0054CDFF /* 100.cpp */,
				C144EAB51C47529000463012 /* 101.cpp */,
				C10AD4A91C48C503005070B3 /* 102.cpp */,
				C10AD4AB1C48C565005070B3 /* 103.cpp */,
				C10AD4AD1C48C621005070B3 /* 104.cpp */,
				C10AD4AF1C48C63F005070B3 /* 105.cpp */,
				C163E7941C48CDB400296202 /* 106.cpp */,
				C1A85B2C1C49DFC2005BF9C6 /* 107.cpp */,
				C1A85B2E1C49DFED005BF9C6 /* 108.cpp */,
				C1A85B301C49E031005BF9C6 /* 109.cpp */,
				C1A85B321C49E07E005BF9C6 /* 110.cpp */,
				C1F3C7441C49E13300C1A256 /* 111.cpp */,
				C1F3C7461C49E17D00C1A256 /* 112.cpp */,
				C1F3C7481C49E19E00C1A256 /* 113.cpp */,
				C1F3C74A1C49F88100C1A256 /* 114.cpp */,
				C1F3C74C1C4A01CF00C1A256 /* 115.cpp */,
				C1C2AAFC1C4DD22D00385EDC /* 116.cpp */,
				C1C2AAFE1C4DD24800385EDC /* 117.cpp */,
				C1C2AB001C4DD26400385EDC /* 118.cpp */,
				C1C2AB021C4DD28200385EDC /* 119.cpp */,
				C1C2AB041C4DD2A300385EDC /* 120.cpp */,
				C10B1E681C4DD30A004CE4D6 /* 121.cpp */,
				C1F804B41C4DEC5400BB887E /* 122.cpp */,
				C19451511C6589DB00AEC153 /* 123.cpp */,
				C19451531C658A0500AEC153 /* 124.cpp */,
				C19451551C658A5400AEC153 /* 125.cpp */,
				C1D559491C6FFAC50001910B /* 126.cpp */,
				C1067C111C716DD800308AEE /* 127.cpp */,
				C1E86C011C741CAE00B8ABEF /* 128.cpp */,
				C1E86C031C741CE100B8ABEF /* 129.cpp */,
				C1E86C051C742A1400B8ABEF /* 130.cpp */,
				C16B02651C756C540036113C /* 131.cpp */,
				C1D326E31C75A5AC00404558 /* 132.cpp */,
				C1A480651C7827C40099C3FE /* 133.cpp */,
				C110E8591C7C3C5700AEF69C /* 134.cpp */,
				C17D4F601C7EABBB004ED17F /* 135.cpp */,
				C19A5EF41C80082700DD6B23 /* 136.cpp */,
				C19A5EF61C80085600DD6B23 /* 137.cpp */,
				C19A5EF81C80088C00DD6B23 /* 138.cpp */,
				C17A85341C80171700307017 /* 139.cpp */,
				C1C48F6E1C827E9C002DA338 /* 140.cpp */,
				C159020E1C827F15008A633C /* 141.cpp */,
				C15902101C827FC8008A633C /* 142.cpp */,
				C15902121C828018008A633C /* 143.cpp */,
				C156AC201C83831F006204AB /* 144.cpp */,
				C154C6701C852AC30091F1B9 /* 145.cpp */,
				C1E512071C852B1A002D4E9C /* 146.cpp */,
				C1E512091C852B42002D4E9C /* 147.cpp */,
				C1967A1B1C852BDC0006499E /* 148.cpp */,
				C14F50591C86BA4A00A48696 /* 149.cpp */,
				C14126F41C8969EF00999FC4 /* 150.cpp */,
				C1E7830A1C896BD40019869C /* 151.cpp */,
				C1E7830C1C896BFF0019869C /* 152.cpp */,
				C1E7830E1C896C1B0019869C /* 153.cpp */,
				C1E783101C896C400019869C /* 154.cpp */,
				C1E783121C896C610019869C /* 155.cpp */,
				C15F5EB41C8E714000507D37 /* 160.cpp */,
				C1C831271C8E7178008A36A3 /* 162.cpp */,
				C12F80441C8E71B9000B6810 /* 164.cpp */,
				C12F80461C8E71D2000B6810 /* 165.cpp */,
				C154AD051C915E8F00661C68 /* 166.cpp */,
				C154AD071C915EB900661C68 /* 168.cpp */,
				C154AD091C915F3500661C68 /* 169.cpp */,
				C166500C1C915FDE00D858C7 /* 171.cpp */,
				C166500E1C915FF500D858C7 /* 172.cpp */,
				C17D22671C97A27E00E29206 /* 173.cpp */,
				C17D22691C97A29D00E29206 /* 174.cpp */,
				C1E1C2481C97A62F0047AA2D /* 179.cpp */,
				C13449221C9A7ABF004C3691 /* 187.cpp */,
				C1687DD21CA10443004A7FA5 /* 188.cpp */,
				C1687DD41CA104D0004A7FA5 /* 189.cpp */,
				C1687DD61CA104F2004A7FA5 /* 190.cpp */,
				C17ED2811CA1063600A5F102 /* 191.cpp */,
				C13E02721CA38BCC008C573F /* 198.cpp */,
				C13E02751CA38BE9008C573F /* 199.cpp */,
				C13E02771CA38C4A008C573F /* 200.cpp */,
				C13D81D71CA4D6F2006D820B /* 201.cpp */,
				C13D81D91CA4D714006D820B /* 202.cpp */,
				C14C54E91CAE366E00070554 /* 203.cpp */,
				C14C54EB1CAE369100070554 /* 204.cpp */,
				C14C54ED1CAE36A700070554 /* 205.cpp */,
				C119544B1CAE36E800411B0A /* 206.cpp */,
				C1C3745C1CB1DA450024D9F0 /* 207.cpp */,
				C1C3745E1CB1F9DF0024D9F0 /* 208.cpp */,
				C1187DCF1CB38FE9004354CF /* 209.cpp */,
				C1187DD11CB39010004354CF /* 210.cpp */,
				C17BDD3A1CBCAA3300F6904A /* 211.cpp */,
				C17BDD3C1CBCAEB100F6904A /* 212.cpp */,
				C1E274C51CCF0404005973C9 /* 213.cpp */,
				C1E274C71CCF0454005973C9 /* 214.cpp */,
				C1E274C91CCF0477005973C9 /* 215.cpp */,
				C1E541781CCF0522004AE364 /* 216.cpp */,
				C13202801CDB0B0F008F6D24 /* 217.cpp */,
				C13202821CDB0B2D008F6D24 /* 218.cpp */,
				C13202841CDB0B46008F6D24 /* 219.cpp */,
				C1C5D1B91CDECD4C00F002C9 /* 220.cpp */,
				C189AD0A1CDED66B003A6389 /* 221.cpp */,
				C106CBDF1CE199C800832115 /* 222.cpp */,
				C106CBE11CE199E700832115 /* 223.cpp */,
				C1BBA72D1CE19F9E007F8AEF /* 224.cpp */,
				C13BCC741CE2D8B5003373B8 /* 225.cpp */,
				C13BCC761CE2D8D8003373B8 /* 226.cpp */,
				C13BCC781CE2D8EE003373B8 /* 227.cpp */,
				C13BCC7A1CE2D909003373B8 /* 228.cpp */,
				C178B95E1CE58F020050AF53 /* 229.cpp */,
				C178B9601CE58F400050AF53 /* 230.cpp */,
				C154D2421CE58F9300899F62 /* 231.cpp */,
				C154D2441CE58FB000899F62 /* 232.cpp */,
				C154D2461CE58FC700899F62 /* 233.cpp */,
				C1E657141CE807C2007105F4 /* 234.cpp */,
				C1E657161CE807DD007105F4 /* 235.cpp */,
				C1E657181CE807F6007105F4 /* 236.cpp */,
				C1C6FEFA1CE8096C006269CD /* 237.cpp */,
				C1C29E261CEAB0550017DC96 /* 238.cpp */,
				C16ABFA01CEC21A0008FADC4 /* 239.cpp */,
				C16ABFA21CEC21BC008FADC4 /* 240.cpp */,
				C13E6A311CF1432900F2E46C /* 241.cpp */,
				C13E6A331CF143F300F2E46C /* 242.cpp */,
				C10D87421CF144BF00D88852 /* 257.cpp */,
				C10D87461CF145B000D88852 /* 258.cpp */,
				C10D87481CF1462D00D88852 /* 260.cpp */,
				C10D874A1CF1468E00D88852 /* 263.cpp */,
				C10D874C1CF146B900D88852 /* 264.cpp */,
				C10D874E1CF146E200D88852 /* 268.cpp */,
				C136CE391CF1485A00D49161 /* 273.cpp */,
				C136CE3B1CF1489E00D49161 /* 274.cpp */,
				C136CE3D1CF148BA00D49161 /* 275.cpp */,
				C1F0C0D71CF149A4007B261F /* 278.cpp */,
				C170341D1CF1572200DCCCE1 /* 279.cpp */,
				C1ECA6761CF4112500370803 /* 282.cpp */,
				C1F2B3781CF57553007C240D /* 283.cpp */,
				C1F2B37A1CF5756C007C240D /* 284.cpp */,
				C125A3571CF6BC9A00AC3312 /* 287.cpp */,
				C125A3591CF6BCDE00AC3312 /* 289.cpp */,
				C125A35B1CF6BCF500AC3312 /* 290.cpp */,
				C1C9C5C31CF6BF6D006D04EF /* 292.cpp */,
				C1BBDAD71CF94C3C007FC1F2 /* 295.cpp */,
				C1E32E5C1CFE9F5000E1EA27 /* 297.cpp */,
				C1E32E5E1CFE9F8000E1EA27 /* 299.cpp */,
				C1E32E601CFE9FA000E1EA27 /* 300.cpp */,
				C1227C031D13B7080015CFA7 /* 301.cpp */,
				C1227C051D13B72B0015CFA7 /* 303.cpp */,
				C1227C071D13B77F0015CFA7 /* 304.cpp */,
				C11B779D1D1A549A006F5A32 /* 306.cpp */,
				C19558581D1BA14D00F5ABD5 /* 307.cpp */,
				C195585A1D1BA16400F5ABD5 /* 309.cpp */,
				C17DE7DA1D1F4FC3005D18FA /* 310.cpp */,
				C1A85B341C49E0A8005BF9C6 /* list.cpp */,
				C1AFE0E41C40D38D001858C8 /* tree.cpp */,
				C1F9F3321C78E1730028A8AB /* graph.cpp */,
				C1184B611AF5F4AD00E0BFB8 /* template.c */,
				C1184B5F1AF5E5A400E0BFB8 /* template.cpp */,
			);
			path = leetcode;
			sourceTree = "<group>";
		};
/* End PBXGroup section */

/* Begin PBXNativeTarget section */
		C1E960641AD4C197008D1C63 /* leetcode */ = {
			isa = PBXNativeTarget;
			buildConfigurationList = C1E9606C1AD4C197008D1C63 /* Build configuration list for PBXNativeTarget "leetcode" */;
			buildPhases = (
				C1E960611AD4C197008D1C63 /* Sources */,
				C1E960621AD4C197008D1C63 /* Frameworks */,
				C1E960631AD4C197008D1C63 /* CopyFiles */,
			);
			buildRules = (
			);
			dependencies = (
			);
			name = leetcode;
			productName = leetcode;
			productReference = C1E960651AD4C197008D1C63 /* leetcode */;
			productType = "com.apple.product-type.tool";
		};
/* End PBXNativeTarget section */

/* Begin PBXProject section */
		C1E9605D1AD4C197008D1C63 /* Project object */ = {
			isa = PBXProject;
			attributes = {
				LastUpgradeCheck = 0700;
				ORGANIZATIONNAME = "Hilings Studio";
				TargetAttributes = {
					C1E960641AD4C197008D1C63 = {
						CreatedOnToolsVersion = 6.2;
					};
				};
			};
			buildConfigurationList = C1E960601AD4C197008D1C63 /* Build configuration list for PBXProject "leetcode" */;
			compatibilityVersion = "Xcode 3.2";
			developmentRegion = English;
			hasScannedForEncodings = 0;
			knownRegions = (
				en,
			);
			mainGroup = C1E9605C1AD4C197008D1C63;
			productRefGroup = C1E960661AD4C197008D1C63 /* Products */;
			projectDirPath = "";
			projectRoot = "";
			targets = (
				C1E960641AD4C197008D1C63 /* leetcode */,
			);
		};
/* End PBXProject section */

/* Begin PBXSourcesBuildPhase section */
		C1E960611AD4C197008D1C63 /* Sources */ = {
			isa = PBXSourcesBuildPhase;
			buildActionMask = 2147483647;
			files = (
			);
			runOnlyForDeploymentPostprocessing = 0;
		};
/* End PBXSourcesBuildPhase section */

/* Begin XCBuildConfiguration section */
		C1E9606A1AD4C197008D1C63 /* Debug */ = {
			isa = XCBuildConfiguration;
			buildSettings = {
				ALWAYS_SEARCH_USER_PATHS = NO;
				CLANG_CXX_LANGUAGE_STANDARD = "gnu++0x";
				CLANG_CXX_LIBRARY = "libc++";
				CLANG_ENABLE_MODULES = YES;
				CLANG_ENABLE_OBJC_ARC = YES;
				CLANG_WARN_BOOL_CONVERSION = YES;
				CLANG_WARN_CONSTANT_CONVERSION = YES;
				CLANG_WARN_DIRECT_OBJC_ISA_USAGE = YES_ERROR;
				CLANG_WARN_EMPTY_BODY = YES;
				CLANG_WARN_ENUM_CONVERSION = YES;
				CLANG_WARN_INT_CONVERSION = YES;
				CLANG_WARN_OBJC_ROOT_CLASS = YES_ERROR;
				CLANG_WARN_UNREACHABLE_CODE = YES;
				CLANG_WARN__DUPLICATE_METHOD_MATCH = YES;
				COPY_PHASE_STRIP = NO;
				ENABLE_STRICT_OBJC_MSGSEND = YES;
				ENABLE_TESTABILITY = YES;
				GCC_C_LANGUAGE_STANDARD = gnu99;
				GCC_DYNAMIC_NO_PIC = NO;
				GCC_OPTIMIZATION_LEVEL = 0;
				GCC_PREPROCESSOR_DEFINITIONS = (
					"DEBUG=1",
					"$(inherited)",
				);
				GCC_SYMBOLS_PRIVATE_EXTERN = NO;
				GCC_WARN_64_TO_32_BIT_CONVERSION = YES;
				GCC_WARN_ABOUT_RETURN_TYPE = YES_ERROR;
				GCC_WARN_UNDECLARED_SELECTOR = YES;
				GCC_WARN_UNINITIALIZED_AUTOS = YES_AGGRESSIVE;
				GCC_WARN_UNUSED_FUNCTION = YES;
				GCC_WARN_UNUSED_VARIABLE = YES;
				MACOSX_DEPLOYMENT_TARGET = 10.10;
				MTL_ENABLE_DEBUG_INFO = YES;
				ONLY_ACTIVE_ARCH = YES;
				SDKROOT = macosx;
			};
			name = Debug;
		};
		C1E9606B1AD4C197008D1C63 /* Release */ = {
			isa = XCBuildConfiguration;
			buildSettings = {
				ALWAYS_SEARCH_USER_PATHS = NO;
				CLANG_CXX_LANGUAGE_STANDARD = "gnu++0x";
				CLANG_CXX_LIBRARY = "libc++";
				CLANG_ENABLE_MODULES = YES;
				CLANG_ENABLE_OBJC_ARC = YES;
				CLANG_WARN_BOOL_CONVERSION = YES;
				CLANG_WARN_CONSTANT_CONVERSION = YES;
				CLANG_WARN_DIRECT_OBJC_ISA_USAGE = YES_ERROR;
				CLANG_WARN_EMPTY_BODY = YES;
				CLANG_WARN_ENUM_CONVERSION = YES;
				CLANG_WARN_INT_CONVERSION = YES;
				CLANG_WARN_OBJC_ROOT_CLASS = YES_ERROR;
				CLANG_WARN_UNREACHABLE_CODE = YES;
				CLANG_WARN__DUPLICATE_METHOD_MATCH = YES;
				COPY_PHASE_STRIP = NO;
				DEBUG_INFORMATION_FORMAT = "dwarf-with-dsym";
				ENABLE_NS_ASSERTIONS = NO;
				ENABLE_STRICT_OBJC_MSGSEND = YES;
				GCC_C_LANGUAGE_STANDARD = gnu99;
				GCC_WARN_64_TO_32_BIT_CONVERSION = YES;
				GCC_WARN_ABOUT_RETURN_TYPE = YES_ERROR;
				GCC_WARN_UNDECLARED_SELECTOR = YES;
				GCC_WARN_UNINITIALIZED_AUTOS = YES_AGGRESSIVE;
				GCC_WARN_UNUSED_FUNCTION = YES;
				GCC_WARN_UNUSED_VARIABLE = YES;
				MACOSX_DEPLOYMENT_TARGET = 10.10;
				MTL_ENABLE_DEBUG_INFO = NO;
				SDKROOT = macosx;
			};
			name = Release;
		};
		C1E9606D1AD4C197008D1C63 /* Debug */ = {
			isa = XCBuildConfiguration;
			buildSettings = {
				PRODUCT_NAME = "$(TARGET_NAME)";
			};
			name = Debug;
		};
		C1E9606E1AD4C197008D1C63 /* Release */ = {
			isa = XCBuildConfiguration;
			buildSettings = {
				PRODUCT_NAME = "$(TARGET_NAME)";
			};
			name = Release;
		};
/* End XCBuildConfiguration section */

/* Begin XCConfigurationList section */
		C1E960601AD4C197008D1C63 /* Build configuration list for PBXProject "leetcode" */ = {
			isa = XCConfigurationList;
			buildConfigurations = (
				C1E9606A1AD4C197008D1C63 /* Debug */,
				C1E9606B1AD4C197008D1C63 /* Release */,
			);
			defaultConfigurationIsVisible = 0;
			defaultConfigurationName = Release;
		};
		C1E9606C1AD4C197008D1C63 /* Build configuration list for PBXNativeTarget "leetcode" */ = {
			isa = XCConfigurationList;
			buildConfigurations = (
				C1E9606D1AD4C197008D1C63 /* Debug */,
				C1E9606E1AD4C197008D1C63 /* Release */,
			);
			defaultConfigurationIsVisible = 0;
			defaultConfigurationName = Release;
		};
/* End XCConfigurationList section */
	};
	rootObject = C1E9605D1AD4C197008D1C63 /* Project object */;
}
