// !$*UTF8*$!
{
	archiveVersion = 1;
	classes = {
	};
	objectVersion = 46;
	objects = {

/* Begin PBXCopyFilesBuildPhase section */
		C1E960631AD4C197008D1C63 /* CopyFiles */ = {
			isa = PBXCopyFilesBuildPhase;
			buildActionMask = 2147483647;
			dstPath = /usr/share/man/man1/;
			dstSubfolderSpec = 0;
			files = (
			);
			runOnlyForDeploymentPostprocessing = 1;
		};
/* End PBXCopyFilesBuildPhase section */

/* Begin PBXFileReference section */
		C10034831C15623400CBF107 /* 052.cpp */ = {isa = PBXFileReference; fileEncoding = 4; lastKnownFileType = sourcecode.cpp.cpp; path = 052.cpp; sourceTree = "<group>"; };
		C106D2BC1B412A7E00DCE667 /* 045.c */ = {isa = PBXFileReference; fileEncoding = 4; lastKnownFileType = sourcecode.c.c; path = 045.c; sourceTree = "<group>"; };
		C11023561AE60B5100B34679 /* 015.cpp */ = {isa = PBXFileReference; fileEncoding = 4; lastKnownFileType = sourcecode.cpp.cpp; path = 015.cpp; sourceTree = "<group>"; };
		C11023581AE7492200B34679 /* 015.c */ = {isa = PBXFileReference; fileEncoding = 4; lastKnownFileType = sourcecode.c.c; path = 015.c; sourceTree = "<group>"; };
		C11668ED1AFEFBC500A99703 /* 030.c */ = {isa = PBXFileReference; fileEncoding = 4; lastKnownFileType = sourcecode.c.c; path = 030.c; sourceTree = "<group>"; };
		C11668EF1AFF10B100A99703 /* 031.cpp */ = {isa = PBXFileReference; fileEncoding = 4; lastKnownFileType = sourcecode.cpp.cpp; path = 031.cpp; sourceTree = "<group>"; };
		C11668F11AFF3B2E00A99703 /* 031.c */ = {isa = PBXFileReference; fileEncoding = 4; lastKnownFileType = sourcecode.c.c; path = 031.c; sourceTree = "<group>"; };
		C1184B5A1AF5AEEC00E0BFB8 /* 025.c */ = {isa = PBXFileReference; fileEncoding = 4; lastKnownFileType = sourcecode.c.c; path = 025.c; sourceTree = "<group>"; };
		C1184B5D1AF5E55300E0BFB8 /* 026.cpp */ = {isa = PBXFileReference; fileEncoding = 4; lastKnownFileType = sourcecode.cpp.cpp; path = 026.cpp; sourceTree = "<group>"; };
		C1184B5F1AF5E5A400E0BFB8 /* template.cpp */ = {isa = PBXFileReference; fileEncoding = 4; lastKnownFileType = sourcecode.cpp.cpp; path = template.cpp; sourceTree = "<group>"; };
		C1184B611AF5F4AD00E0BFB8 /* template.c */ = {isa = PBXFileReference; fileEncoding = 4; lastKnownFileType = sourcecode.c.c; path = template.c; sourceTree = "<group>"; };
		C1184B631AF5F4D700E0BFB8 /* 026.c */ = {isa = PBXFileReference; fileEncoding = 4; lastKnownFileType = sourcecode.c.c; path = 026.c; sourceTree = "<group>"; };
		C1184B651AF5F91C00E0BFB8 /* 027.cpp */ = {isa = PBXFileReference; fileEncoding = 4; lastKnownFileType = sourcecode.cpp.cpp; path = 027.cpp; sourceTree = "<group>"; };
		C1184B671AF603B300E0BFB8 /* 027.c */ = {isa = PBXFileReference; fileEncoding = 4; lastKnownFileType = sourcecode.c.c; path = 027.c; sourceTree = "<group>"; };
		C1184B6A1AF60AE600E0BFB8 /* 028.cpp */ = {isa = PBXFileReference; fileEncoding = 4; lastKnownFileType = sourcecode.cpp.cpp; path = 028.cpp; sourceTree = "<group>"; };
		C120EB281AE43E160010CFF1 /* 012.cpp */ = {isa = PBXFileReference; fileEncoding = 4; lastKnownFileType = sourcecode.cpp.cpp; path = 012.cpp; sourceTree = "<group>"; };
		C1266A661ADA6F8200F4137E /* 006.cpp */ = {isa = PBXFileReference; fileEncoding = 4; lastKnownFileType = sourcecode.cpp.cpp; path = 006.cpp; sourceTree = "<group>"; };
		C129C6541C2268F000765FEC /* 060.cpp */ = {isa = PBXFileReference; fileEncoding = 4; lastKnownFileType = sourcecode.cpp.cpp; path = 060.cpp; sourceTree = "<group>"; };
		C129C6561C22696D00765FEC /* 060.c */ = {isa = PBXFileReference; fileEncoding = 4; lastKnownFileType = sourcecode.c.c; path = 060.c; sourceTree = "<group>"; };
		C13457761AF0A1FC00F359D3 /* 021.c */ = {isa = PBXFileReference; fileEncoding = 4; lastKnownFileType = sourcecode.c.c; path = 021.c; sourceTree = "<group>"; };
		C13457781AF0A2FC00F359D3 /* 022.cpp */ = {isa = PBXFileReference; fileEncoding = 4; lastKnownFileType = sourcecode.cpp.cpp; path = 022.cpp; sourceTree = "<group>"; };
		C134577A1AF0C2AA00F359D3 /* 022.c */ = {isa = PBXFileReference; fileEncoding = 4; lastKnownFileType = sourcecode.c.c; path = 022.c; sourceTree = "<group>"; };
		C136485B1B01839300E76C74 /* 033.c */ = {isa = PBXFileReference; fileEncoding = 4; lastKnownFileType = sourcecode.c.c; path = 033.c; sourceTree = "<group>"; };
		C136485D1B0183F900E76C74 /* 034.cpp */ = {isa = PBXFileReference; fileEncoding = 4; lastKnownFileType = sourcecode.cpp.cpp; path = 034.cpp; sourceTree = "<group>"; };
		C136485F1B018AFE00E76C74 /* 034.c */ = {isa = PBXFileReference; fileEncoding = 4; lastKnownFileType = sourcecode.c.c; path = 034.c; sourceTree = "<group>"; };
		C13648611B01972600E76C74 /* 035.cpp */ = {isa = PBXFileReference; fileEncoding = 4; lastKnownFileType = sourcecode.cpp.cpp; path = 035.cpp; sourceTree = "<group>"; };
		C13648631B019B5A00E76C74 /* 035.c */ = {isa = PBXFileReference; fileEncoding = 4; lastKnownFileType = sourcecode.c.c; path = 035.c; sourceTree = "<group>"; };
		C13648651B019FBA00E76C74 /* 036.cpp */ = {isa = PBXFileReference; fileEncoding = 4; lastKnownFileType = sourcecode.cpp.cpp; path = 036.cpp; sourceTree = "<group>"; };
		C13648671B01B23B00E76C74 /* 036.c */ = {isa = PBXFileReference; fileEncoding = 4; lastKnownFileType = sourcecode.c.c; path = 036.c; sourceTree = "<group>"; };
		C137311B1AD4E73600B69EAC /* 004.cpp */ = {isa = PBXFileReference; fileEncoding = 4; lastKnownFileType = sourcecode.cpp.cpp; path = 004.cpp; sourceTree = "<group>"; };
		C1479A391AFAF62700A4936D /* 030.cpp */ = {isa = PBXFileReference; fileEncoding = 4; indentWidth = 4; lastKnownFileType = sourcecode.cpp.cpp; path = 030.cpp; sourceTree = "<group>"; tabWidth = 4; wrapsLines = 1; };
		C150259F1B35F31000CCA528 /* 044.cpp */ = {isa = PBXFileReference; fileEncoding = 4; lastKnownFileType = sourcecode.cpp.cpp; path = 044.cpp; sourceTree = "<group>"; };
		C15025A31B3A69A500CCA528 /* 044.c */ = {isa = PBXFileReference; fileEncoding = 4; lastKnownFileType = sourcecode.c.c; path = 044.c; sourceTree = "<group>"; };
		C15025A51B3A773900CCA528 /* 045.cpp */ = {isa = PBXFileReference; fileEncoding = 4; lastKnownFileType = sourcecode.cpp.cpp; path = 045.cpp; sourceTree = "<group>"; };
		C1520C381ADCF3710028946F /* 008.c */ = {isa = PBXFileReference; fileEncoding = 4; lastKnownFileType = sourcecode.c.c; path = 008.c; sourceTree = "<group>"; };
		C153332F1AFFD030000E2940 /* 032.cpp */ = {isa = PBXFileReference; fileEncoding = 4; lastKnownFileType = sourcecode.cpp.cpp; path = 032.cpp; sourceTree = "<group>"; };
		C15333311B008095000E2940 /* 032.c */ = {isa = PBXFileReference; fileEncoding = 4; lastKnownFileType = sourcecode.c.c; path = 032.c; sourceTree = "<group>"; };
		C15F09771B05B12500D368FA /* 038.cpp */ = {isa = PBXFileReference; fileEncoding = 4; lastKnownFileType = sourcecode.cpp.cpp; path = 038.cpp; sourceTree = "<group>"; };
		C15F09791B05BC8200D368FA /* 038.c */ = {isa = PBXFileReference; fileEncoding = 4; lastKnownFileType = sourcecode.c.c; path = 038.c; sourceTree = "<group>"; };
		C15FFFFC1AE5DEF800EE2940 /* 014.cpp */ = {isa = PBXFileReference; fileEncoding = 4; lastKnownFileType = sourcecode.cpp.cpp; path = 014.cpp; sourceTree = "<group>"; };
		C15FFFFE1AE5E3D600EE2940 /* 014.c */ = {isa = PBXFileReference; fileEncoding = 4; lastKnownFileType = sourcecode.c.c; path = 014.c; sourceTree = "<group>"; };
		C160F5791AF68AAB00AAA403 /* 028.c */ = {isa = PBXFileReference; fileEncoding = 4; lastKnownFileType = sourcecode.c.c; path = 028.c; sourceTree = "<group>"; };
		C16406941AF7468C003887C1 /* 029.cpp */ = {isa = PBXFileReference; fileEncoding = 4; lastKnownFileType = sourcecode.cpp.cpp; path = 029.cpp; sourceTree = "<group>"; };
		C16A039E1B07B93B00993867 /* 039.cpp */ = {isa = PBXFileReference; fileEncoding = 4; lastKnownFileType = sourcecode.cpp.cpp; path = 039.cpp; sourceTree = "<group>"; };
		C16A03A41B0860A800993867 /* 040.cpp */ = {isa = PBXFileReference; fileEncoding = 4; lastKnownFileType = sourcecode.cpp.cpp; path = 040.cpp; sourceTree = "<group>"; };
		C17228EA1C1937AF0030DD4A /* 056.cpp */ = {isa = PBXFileReference; fileEncoding = 4; lastKnownFileType = sourcecode.cpp.cpp; path = 056.cpp; sourceTree = "<group>"; };
		C172B0041AE9D8E100882FED /* 017.c */ = {isa = PBXFileReference; fileEncoding = 4; lastKnownFileType = sourcecode.c.c; path = 017.c; sourceTree = "<group>"; };
		C17D70241C2129F300476CEA /* 058.cpp */ = {isa = PBXFileReference; fileEncoding = 4; lastKnownFileType = sourcecode.cpp.cpp; path = 058.cpp; sourceTree = "<group>"; };
		C17D70261C212A9000476CEA /* 058.c */ = {isa = PBXFileReference; fileEncoding = 4; lastKnownFileType = sourcecode.c.c; path = 058.c; sourceTree = "<group>"; };
		C17D70281C21349500476CEA /* 059.cpp */ = {isa = PBXFileReference; fileEncoding = 4; lastKnownFileType = sourcecode.cpp.cpp; path = 059.cpp; sourceTree = "<group>"; };
		C17D702A1C214D5500476CEA /* 059.c */ = {isa = PBXFileReference; fileEncoding = 4; lastKnownFileType = sourcecode.c.c; path = 059.c; sourceTree = "<group>"; };
		C1806BA51AD4CE28004D90AF /* 001.cpp */ = {isa = PBXFileReference; lastKnownFileType = sourcecode.cpp.cpp; path = 001.cpp; sourceTree = "<group>"; };
		C1806BA61AD4CE56004D90AF /* 001.c */ = {isa = PBXFileReference; lastKnownFileType = sourcecode.c.c; path = 001.c; sourceTree = "<group>"; };
		C1806BA71AD4CE79004D90AF /* 002.cpp */ = {isa = PBXFileReference; lastKnownFileType = sourcecode.cpp.cpp; path = 002.cpp; sourceTree = "<group>"; };
		C18766C61AE22A5A00473A04 /* 010.c */ = {isa = PBXFileReference; fileEncoding = 4; lastKnownFileType = sourcecode.c.c; path = 010.c; sourceTree = "<group>"; };
		C19058D71AD64F5F0096FC85 /* 004.c */ = {isa = PBXFileReference; fileEncoding = 4; lastKnownFileType = sourcecode.c.c; path = 004.c; sourceTree = "<group>"; };
		C19370621C22813700D862F3 /* 062.cpp */ = {isa = PBXFileReference; fileEncoding = 4; lastKnownFileType = sourcecode.cpp.cpp; path = 062.cpp; sourceTree = "<group>"; };
		C19370641C2286BB00D862F3 /* 062.c */ = {isa = PBXFileReference; fileEncoding = 4; lastKnownFileType = sourcecode.c.c; path = 062.c; sourceTree = "<group>"; };
		C1950E381AF1F5B400C4C2B8 /* 023.cpp */ = {isa = PBXFileReference; fileEncoding = 4; lastKnownFileType = sourcecode.cpp.cpp; path = 023.cpp; sourceTree = "<group>"; };
		C1950E3A1AF3258E00C4C2B8 /* 023.c */ = {isa = PBXFileReference; fileEncoding = 4; lastKnownFileType = sourcecode.c.c; path = 023.c; sourceTree = "<group>"; };
		C1950E3C1AF3270C00C4C2B8 /* 024.cpp */ = {isa = PBXFileReference; fileEncoding = 4; lastKnownFileType = sourcecode.cpp.cpp; path = 024.cpp; sourceTree = "<group>"; };
		C1950E3E1AF3275400C4C2B8 /* 024.c */ = {isa = PBXFileReference; fileEncoding = 4; lastKnownFileType = sourcecode.c.c; path = 024.c; sourceTree = "<group>"; };
		C1950E401AF327A900C4C2B8 /* 025.cpp */ = {isa = PBXFileReference; fileEncoding = 4; lastKnownFileType = sourcecode.cpp.cpp; path = 025.cpp; sourceTree = "<group>"; };
		C19526441C16A12400DFF1B5 /* 053.cpp */ = {isa = PBXFileReference; fileEncoding = 4; lastKnownFileType = sourcecode.cpp.cpp; path = 053.cpp; sourceTree = "<group>"; };
		C19526461C17F6F700DFF1B5 /* 053.c */ = {isa = PBXFileReference; fileEncoding = 4; lastKnownFileType = sourcecode.c.c; path = 053.c; sourceTree = "<group>"; };
		C19526481C17FBCE00DFF1B5 /* 054.cpp */ = {isa = PBXFileReference; fileEncoding = 4; lastKnownFileType = sourcecode.cpp.cpp; path = 054.cpp; sourceTree = "<group>"; };
		C195264A1C1811A000DFF1B5 /* 054.c */ = {isa = PBXFileReference; fileEncoding = 4; lastKnownFileType = sourcecode.c.c; path = 054.c; sourceTree = "<group>"; };
		C19CA7841BA3DCBA00FA323B /* 050.cpp */ = {isa = PBXFileReference; fileEncoding = 4; lastKnownFileType = sourcecode.cpp.cpp; path = 050.cpp; sourceTree = "<group>"; };
		C19CA7861BA7CAFE00FA323B /* 050.c */ = {isa = PBXFileReference; fileEncoding = 4; lastKnownFileType = sourcecode.c.c; path = 050.c; sourceTree = "<group>"; };
		C19CA7881BA7D08200FA323B /* 051.cpp */ = {isa = PBXFileReference; fileEncoding = 4; lastKnownFileType = sourcecode.cpp.cpp; path = 051.cpp; sourceTree = "<group>"; };
		C19F664F1ADE06140008F5D9 /* 009.cpp */ = {isa = PBXFileReference; fileEncoding = 4; lastKnownFileType = sourcecode.cpp.cpp; path = 009.cpp; sourceTree = "<group>"; };
		C19F66511ADE29C20008F5D9 /* 009.c */ = {isa = PBXFileReference; fileEncoding = 4; lastKnownFileType = sourcecode.c.c; path = 009.c; sourceTree = "<group>"; };
		C1A1B35D1C1926C400607E16 /* 055.cpp */ = {isa = PBXFileReference; fileEncoding = 4; lastKnownFileType = sourcecode.cpp.cpp; path = 055.cpp; sourceTree = "<group>"; };
		C1A1B35F1C192B9400607E16 /* 055.c */ = {isa = PBXFileReference; fileEncoding = 4; lastKnownFileType = sourcecode.c.c; path = 055.c; sourceTree = "<group>"; };
		C1A360D91C226D3C00E145E3 /* 061.cpp */ = {isa = PBXFileReference; fileEncoding = 4; lastKnownFileType = sourcecode.cpp.cpp; path = 061.cpp; sourceTree = "<group>"; };
		C1A360DB1C226E9C00E145E3 /* 061.c */ = {isa = PBXFileReference; fileEncoding = 4; lastKnownFileType = sourcecode.c.c; path = 061.c; sourceTree = "<group>"; };
		C1A3F1061ADF477E00461CE0 /* 010.cpp */ = {isa = PBXFileReference; fileEncoding = 4; lastKnownFileType = sourcecode.cpp.cpp; path = 010.cpp; sourceTree = "<group>"; };
		C1A94DC01AF071680082E4F8 /* 020.cpp */ = {isa = PBXFileReference; fileEncoding = 4; lastKnownFileType = sourcecode.cpp.cpp; path = 020.cpp; sourceTree = "<group>"; };
		C1A94DC21AF077470082E4F8 /* 020.c */ = {isa = PBXFileReference; fileEncoding = 4; lastKnownFileType = sourcecode.c.c; path = 020.c; sourceTree = "<group>"; };
		C1A94DC41AF08BD90082E4F8 /* 021.cpp */ = {isa = PBXFileReference; fileEncoding = 4; lastKnownFileType = sourcecode.cpp.cpp; path = 021.cpp; sourceTree = "<group>"; };
		C1AD688C1AE4EA86002B3A8D /* 013.cpp */ = {isa = PBXFileReference; fileEncoding = 4; lastKnownFileType = sourcecode.cpp.cpp; path = 013.cpp; sourceTree = "<group>"; };
		C1AD688E1AE4F179002B3A8D /* 013.c */ = {isa = PBXFileReference; fileEncoding = 4; lastKnownFileType = sourcecode.c.c; path = 013.c; sourceTree = "<group>"; };
		C1ADDE291B9929F7000C71AE /* 047.c */ = {isa = PBXFileReference; fileEncoding = 4; lastKnownFileType = sourcecode.c.c; path = 047.c; sourceTree = "<group>"; };
		C1BB1DCC1AD9D29A00FB8C70 /* 005.c */ = {isa = PBXFileReference; fileEncoding = 4; lastKnownFileType = sourcecode.c.c; path = 005.c; sourceTree = "<group>"; };
		C1C54FAB1B0C1F6E00CA64BF /* 043.cpp */ = {isa = PBXFileReference; fileEncoding = 4; lastKnownFileType = sourcecode.cpp.cpp; path = 043.cpp; sourceTree = "<group>"; };
		C1C54FAD1B0C4C1A00CA64BF /* 043.c */ = {isa = PBXFileReference; fileEncoding = 4; lastKnownFileType = sourcecode.c.c; path = 043.c; sourceTree = "<group>"; };
		C1C56CD31AEE123E00308676 /* 018.cpp */ = {isa = PBXFileReference; fileEncoding = 4; lastKnownFileType = sourcecode.cpp.cpp; path = 018.cpp; sourceTree = "<group>"; };
		C1C7D1091B087400006B2A3D /* 041.cpp */ = {isa = PBXFileReference; fileEncoding = 4; lastKnownFileType = sourcecode.cpp.cpp; path = 041.cpp; sourceTree = "<group>"; };
		C1C7D10B1B0ABD4E006B2A3D /* 041.c */ = {isa = PBXFileReference; fileEncoding = 4; lastKnownFileType = sourcecode.c.c; path = 041.c; sourceTree = "<group>"; };
		C1C7D10D1B0ABDBD006B2A3D /* 042.cpp */ = {isa = PBXFileReference; fileEncoding = 4; lastKnownFileType = sourcecode.cpp.cpp; path = 042.cpp; sourceTree = "<group>"; };
		C1C7D10F1B0B02A0006B2A3D /* 042.c */ = {isa = PBXFileReference; fileEncoding = 4; lastKnownFileType = sourcecode.c.c; path = 042.c; sourceTree = "<group>"; };
		C1CA62461AF86EDE00C51AAC /* 029.c */ = {isa = PBXFileReference; fileEncoding = 4; lastKnownFileType = sourcecode.c.c; path = 029.c; sourceTree = "<group>"; };
		C1D06C241C1E3B5D00C102CC /* 057.cpp */ = {isa = PBXFileReference; fileEncoding = 4; lastKnownFileType = sourcecode.cpp.cpp; path = 057.cpp; sourceTree = "<group>"; };
		C1D06C281C1FF33100C102CC /* 057.c */ = {isa = PBXFileReference; fileEncoding = 4; lastKnownFileType = sourcecode.c.c; path = 057.c; sourceTree = "<group>"; };
		C1D136CE1ADB2EF600FA2BF9 /* 006.c */ = {isa = PBXFileReference; fileEncoding = 4; lastKnownFileType = sourcecode.c.c; path = 006.c; sourceTree = "<group>"; };
		C1D136D21ADB505800FA2BF9 /* 007.cpp */ = {isa = PBXFileReference; fileEncoding = 4; lastKnownFileType = sourcecode.cpp.cpp; path = 007.cpp; sourceTree = "<group>"; };
		C1D136D41ADB67D500FA2BF9 /* 007.c */ = {isa = PBXFileReference; fileEncoding = 4; lastKnownFileType = sourcecode.c.c; path = 007.c; sourceTree = "<group>"; };
		C1D136D71ADB71C400FA2BF9 /* 008.cpp */ = {isa = PBXFileReference; fileEncoding = 4; lastKnownFileType = sourcecode.cpp.cpp; path = 008.cpp; sourceTree = "<group>"; };
		C1D1D1461B02E2FC007DCF14 /* 037.cpp */ = {isa = PBXFileReference; fileEncoding = 4; lastKnownFileType = sourcecode.cpp.cpp; path = 037.cpp; sourceTree = "<group>"; };
		C1D54C471B9D11BA0062497A /* 048.cpp */ = {isa = PBXFileReference; fileEncoding = 4; lastKnownFileType = sourcecode.cpp.cpp; path = 048.cpp; sourceTree = "<group>"; };
		C1D54C491B9D121C0062497A /* 048.c */ = {isa = PBXFileReference; fileEncoding = 4; lastKnownFileType = sourcecode.c.c; path = 048.c; sourceTree = "<group>"; };
		C1D54C4B1B9D12440062497A /* 049.cpp */ = {isa = PBXFileReference; fileEncoding = 4; lastKnownFileType = sourcecode.cpp.cpp; path = 049.cpp; sourceTree = "<group>"; };
		C1D54C4D1B9D23430062497A /* 049.c */ = {isa = PBXFileReference; fileEncoding = 4; lastKnownFileType = sourcecode.c.c; path = 049.c; sourceTree = "<group>"; };
		C1DB30CC1B046172009E06AF /* 037.c */ = {isa = PBXFileReference; fileEncoding = 4; lastKnownFileType = sourcecode.c.c; path = 037.c; sourceTree = "<group>"; };
		C1DC59FD1AD75435007D82C7 /* 005.cpp */ = {isa = PBXFileReference; fileEncoding = 4; lastKnownFileType = sourcecode.cpp.cpp; path = 005.cpp; sourceTree = "<group>"; };
		C1DE82D91AE42D8F0093701E /* 011.cpp */ = {isa = PBXFileReference; fileEncoding = 4; lastKnownFileType = sourcecode.cpp.cpp; path = 011.cpp; sourceTree = "<group>"; };
		C1DE82DB1AE435770093701E /* 011.c */ = {isa = PBXFileReference; fileEncoding = 4; lastKnownFileType = sourcecode.c.c; path = 011.c; sourceTree = "<group>"; };
		C1E488641AE89E19002365F2 /* 016.cpp */ = {isa = PBXFileReference; fileEncoding = 4; lastKnownFileType = sourcecode.cpp.cpp; path = 016.cpp; sourceTree = "<group>"; };
		C1E488681AE8BCCC002365F2 /* 016.c */ = {isa = PBXFileReference; fileEncoding = 4; lastKnownFileType = sourcecode.c.c; path = 016.c; sourceTree = "<group>"; };
		C1E4886A1AE8C84C002365F2 /* 017.cpp */ = {isa = PBXFileReference; fileEncoding = 4; lastKnownFileType = sourcecode.cpp.cpp; path = 017.cpp; sourceTree = "<group>"; };
		C1E768381AF06FF700D6FB1B /* 019.cpp */ = {isa = PBXFileReference; fileEncoding = 4; lastKnownFileType = sourcecode.cpp.cpp; path = 019.cpp; sourceTree = "<group>"; };
		C1E7683A1AF0706B00D6FB1B /* 019.c */ = {isa = PBXFileReference; fileEncoding = 4; lastKnownFileType = sourcecode.c.c; path = 019.c; sourceTree = "<group>"; };
		C1E960651AD4C197008D1C63 /* leetcode */ = {isa = PBXFileReference; explicitFileType = "compiled.mach-o.executable"; includeInIndex = 0; path = leetcode; sourceTree = BUILT_PRODUCTS_DIR; };
		C1E9606F1AD4C1A6008D1C63 /* 003.cpp */ = {isa = PBXFileReference; fileEncoding = 4; lastKnownFileType = sourcecode.cpp.cpp; path = 003.cpp; sourceTree = "<group>"; };
		C1E960711AD4C207008D1C63 /* 003.c */ = {isa = PBXFileReference; fileEncoding = 4; lastKnownFileType = sourcecode.c.c; path = 003.c; sourceTree = "<group>"; };
		C1EB4B311C1A8EFF002DEE27 /* 056.c */ = {isa = PBXFileReference; fileEncoding = 4; lastKnownFileType = sourcecode.c.c; path = 056.c; sourceTree = "<group>"; };
		C1EBE14A1B42561E00A070F4 /* 046.cpp */ = {isa = PBXFileReference; fileEncoding = 4; lastKnownFileType = sourcecode.cpp.cpp; path = 046.cpp; sourceTree = "<group>"; };
		C1EBE14C1B4394B100A070F4 /* 046.c */ = {isa = PBXFileReference; fileEncoding = 4; lastKnownFileType = sourcecode.c.c; path = 046.c; sourceTree = "<group>"; };
		C1EBE1501B4BA58600A070F4 /* 047.cpp */ = {isa = PBXFileReference; fileEncoding = 4; lastKnownFileType = sourcecode.cpp.cpp; path = 047.cpp; sourceTree = "<group>"; };
		C1EC123D1B00953600CDA308 /* 033.cpp */ = {isa = PBXFileReference; fileEncoding = 4; lastKnownFileType = sourcecode.cpp.cpp; path = 033.cpp; sourceTree = "<group>"; };
		C1F7A0901C229B0500E82AD7 /* 063.cpp */ = {isa = PBXFileReference; fileEncoding = 4; lastKnownFileType = sourcecode.cpp.cpp; path = 063.cpp; sourceTree = "<group>"; };
		C1F7A0921C23BB6000E82AD7 /* 063.c */ = {isa = PBXFileReference; fileEncoding = 4; lastKnownFileType = sourcecode.c.c; path = 063.c; sourceTree = "<group>"; };
		C1F7A0941C23C20900E82AD7 /* 064.cpp */ = {isa = PBXFileReference; fileEncoding = 4; lastKnownFileType = sourcecode.cpp.cpp; path = 064.cpp; sourceTree = "<group>"; };
		C1F7A0961C23C24A00E82AD7 /* 064.c */ = {isa = PBXFileReference; fileEncoding = 4; lastKnownFileType = sourcecode.c.c; path = 064.c; sourceTree = "<group>"; };
		C1F7A0981C23C2E400E82AD7 /* 065.cpp */ = {isa = PBXFileReference; fileEncoding = 4; lastKnownFileType = sourcecode.cpp.cpp; path = 065.cpp; sourceTree = "<group>"; };
		C1F7A09A1C25457A00E82AD7 /* 065.c */ = {isa = PBXFileReference; fileEncoding = 4; lastKnownFileType = sourcecode.c.c; path = 065.c; sourceTree = "<group>"; };
		C1F9EDF91AE4E18B00A1AB72 /* 012.c */ = {isa = PBXFileReference; fileEncoding = 4; lastKnownFileType = sourcecode.c.c; path = 012.c; sourceTree = "<group>"; };
/* End PBXFileReference section */

/* Begin PBXFrameworksBuildPhase section */
		C1E960621AD4C197008D1C63 /* Frameworks */ = {
			isa = PBXFrameworksBuildPhase;
			buildActionMask = 2147483647;
			files = (
			);
			runOnlyForDeploymentPostprocessing = 0;
		};
/* End PBXFrameworksBuildPhase section */

/* Begin PBXGroup section */
		C1E9605C1AD4C197008D1C63 = {
			isa = PBXGroup;
			children = (
				C1E960671AD4C197008D1C63 /* leetcode */,
				C1E960661AD4C197008D1C63 /* Products */,
			);
			sourceTree = "<group>";
		};
		C1E960661AD4C197008D1C63 /* Products */ = {
			isa = PBXGroup;
			children = (
				C1E960651AD4C197008D1C63 /* leetcode */,
			);
			name = Products;
			sourceTree = "<group>";
		};
		C1E960671AD4C197008D1C63 /* leetcode */ = {
			isa = PBXGroup;
			children = (
				C1806BA51AD4CE28004D90AF /* 001.cpp */,
				C1806BA61AD4CE56004D90AF /* 001.c */,
				C1806BA71AD4CE79004D90AF /* 002.cpp */,
				C1E9606F1AD4C1A6008D1C63 /* 003.cpp */,
				C1E960711AD4C207008D1C63 /* 003.c */,
				C137311B1AD4E73600B69EAC /* 004.cpp */,
				C19058D71AD64F5F0096FC85 /* 004.c */,
				C1DC59FD1AD75435007D82C7 /* 005.cpp */,
				C1BB1DCC1AD9D29A00FB8C70 /* 005.c */,
				C1266A661ADA6F8200F4137E /* 006.cpp */,
				C1D136CE1ADB2EF600FA2BF9 /* 006.c */,
				C1D136D21ADB505800FA2BF9 /* 007.cpp */,
				C1D136D41ADB67D500FA2BF9 /* 007.c */,
				C1D136D71ADB71C400FA2BF9 /* 008.cpp */,
				C1520C381ADCF3710028946F /* 008.c */,
				C19F664F1ADE06140008F5D9 /* 009.cpp */,
				C19F66511ADE29C20008F5D9 /* 009.c */,
				C1A3F1061ADF477E00461CE0 /* 010.cpp */,
				C18766C61AE22A5A00473A04 /* 010.c */,
				C1DE82D91AE42D8F0093701E /* 011.cpp */,
				C1DE82DB1AE435770093701E /* 011.c */,
				C120EB281AE43E160010CFF1 /* 012.cpp */,
				C1F9EDF91AE4E18B00A1AB72 /* 012.c */,
				C1AD688C1AE4EA86002B3A8D /* 013.cpp */,
				C1AD688E1AE4F179002B3A8D /* 013.c */,
				C15FFFFC1AE5DEF800EE2940 /* 014.cpp */,
				C15FFFFE1AE5E3D600EE2940 /* 014.c */,
				C11023561AE60B5100B34679 /* 015.cpp */,
				C11023581AE7492200B34679 /* 015.c */,
				C1E488641AE89E19002365F2 /* 016.cpp */,
				C1E488681AE8BCCC002365F2 /* 016.c */,
				C1E4886A1AE8C84C002365F2 /* 017.cpp */,
				C172B0041AE9D8E100882FED /* 017.c */,
				C1C56CD31AEE123E00308676 /* 018.cpp */,
				C1E768381AF06FF700D6FB1B /* 019.cpp */,
				C1E7683A1AF0706B00D6FB1B /* 019.c */,
				C1A94DC01AF071680082E4F8 /* 020.cpp */,
				C1A94DC21AF077470082E4F8 /* 020.c */,
				C1A94DC41AF08BD90082E4F8 /* 021.cpp */,
				C13457761AF0A1FC00F359D3 /* 021.c */,
				C13457781AF0A2FC00F359D3 /* 022.cpp */,
				C134577A1AF0C2AA00F359D3 /* 022.c */,
				C1950E381AF1F5B400C4C2B8 /* 023.cpp */,
				C1950E3A1AF3258E00C4C2B8 /* 023.c */,
				C1950E3C1AF3270C00C4C2B8 /* 024.cpp */,
				C1950E3E1AF3275400C4C2B8 /* 024.c */,
				C1950E401AF327A900C4C2B8 /* 025.cpp */,
				C1184B5A1AF5AEEC00E0BFB8 /* 025.c */,
				C1184B5D1AF5E55300E0BFB8 /* 026.cpp */,
				C1184B631AF5F4D700E0BFB8 /* 026.c */,
				C1184B651AF5F91C00E0BFB8 /* 027.cpp */,
				C1184B671AF603B300E0BFB8 /* 027.c */,
				C1184B6A1AF60AE600E0BFB8 /* 028.cpp */,
				C160F5791AF68AAB00AAA403 /* 028.c */,
				C16406941AF7468C003887C1 /* 029.cpp */,
				C1CA62461AF86EDE00C51AAC /* 029.c */,
				C1479A391AFAF62700A4936D /* 030.cpp */,
				C11668ED1AFEFBC500A99703 /* 030.c */,
				C11668EF1AFF10B100A99703 /* 031.cpp */,
				C11668F11AFF3B2E00A99703 /* 031.c */,
				C153332F1AFFD030000E2940 /* 032.cpp */,
				C15333311B008095000E2940 /* 032.c */,
				C1EC123D1B00953600CDA308 /* 033.cpp */,
				C136485B1B01839300E76C74 /* 033.c */,
				C136485D1B0183F900E76C74 /* 034.cpp */,
				C136485F1B018AFE00E76C74 /* 034.c */,
				C13648611B01972600E76C74 /* 035.cpp */,
				C13648631B019B5A00E76C74 /* 035.c */,
				C13648651B019FBA00E76C74 /* 036.cpp */,
				C13648671B01B23B00E76C74 /* 036.c */,
				C1D1D1461B02E2FC007DCF14 /* 037.cpp */,
				C1DB30CC1B046172009E06AF /* 037.c */,
				C15F09771B05B12500D368FA /* 038.cpp */,
				C15F09791B05BC8200D368FA /* 038.c */,
				C16A039E1B07B93B00993867 /* 039.cpp */,
				C16A03A41B0860A800993867 /* 040.cpp */,
				C1C7D1091B087400006B2A3D /* 041.cpp */,
				C1C7D10B1B0ABD4E006B2A3D /* 041.c */,
				C1C7D10D1B0ABDBD006B2A3D /* 042.cpp */,
				C1C7D10F1B0B02A0006B2A3D /* 042.c */,
				C1C54FAB1B0C1F6E00CA64BF /* 043.cpp */,
				C1C54FAD1B0C4C1A00CA64BF /* 043.c */,
				C150259F1B35F31000CCA528 /* 044.cpp */,
				C15025A31B3A69A500CCA528 /* 044.c */,
				C15025A51B3A773900CCA528 /* 045.cpp */,
				C106D2BC1B412A7E00DCE667 /* 045.c */,
				C1EBE14A1B42561E00A070F4 /* 046.cpp */,
				C1EBE14C1B4394B100A070F4 /* 046.c */,
				C1EBE1501B4BA58600A070F4 /* 047.cpp */,
				C1ADDE291B9929F7000C71AE /* 047.c */,
				C1D54C471B9D11BA0062497A /* 048.cpp */,
				C1D54C491B9D121C0062497A /* 048.c */,
				C1D54C4B1B9D12440062497A /* 049.cpp */,
				C1D54C4D1B9D23430062497A /* 049.c */,
				C19CA7841BA3DCBA00FA323B /* 050.cpp */,
				C19CA7861BA7CAFE00FA323B /* 050.c */,
				C19CA7881BA7D08200FA323B /* 051.cpp */,
				C10034831C15623400CBF107 /* 052.cpp */,
				C19526441C16A12400DFF1B5 /* 053.cpp */,
				C19526461C17F6F700DFF1B5 /* 053.c */,
				C19526481C17FBCE00DFF1B5 /* 054.cpp */,
				C195264A1C1811A000DFF1B5 /* 054.c */,
				C1A1B35D1C1926C400607E16 /* 055.cpp */,
				C1A1B35F1C192B9400607E16 /* 055.c */,
				C17228EA1C1937AF0030DD4A /* 056.cpp */,
				C1EB4B311C1A8EFF002DEE27 /* 056.c */,
				C1D06C241C1E3B5D00C102CC /* 057.cpp */,
				C1D06C281C1FF33100C102CC /* 057.c */,
				C17D70241C2129F300476CEA /* 058.cpp */,
				C17D70261C212A9000476CEA /* 058.c */,
				C17D70281C21349500476CEA /* 059.cpp */,
				C17D702A1C214D5500476CEA /* 059.c */,
				C129C6541C2268F000765FEC /* 060.cpp */,
				C129C6561C22696D00765FEC /* 060.c */,
				C1A360D91C226D3C00E145E3 /* 061.cpp */,
				C1A360DB1C226E9C00E145E3 /* 061.c */,
				C19370621C22813700D862F3 /* 062.cpp */,
				C19370641C2286BB00D862F3 /* 062.c */,
				C1F7A0901C229B0500E82AD7 /* 063.cpp */,
				C1F7A0921C23BB6000E82AD7 /* 063.c */,
				C1F7A0941C23C20900E82AD7 /* 064.cpp */,
				C1F7A0961C23C24A00E82AD7 /* 064.c */,
				C1F7A0981C23C2E400E82AD7 /* 065.cpp */,
				C1F7A09A1C25457A00E82AD7 /* 065.c */,
				C1184B5F1AF5E5A400E0BFB8 /* template.cpp */,
				C1184B611AF5F4AD00E0BFB8 /* template.c */,
			);
			path = leetcode;
			sourceTree = "<group>";
		};
/* End PBXGroup section */

/* Begin PBXNativeTarget section */
		C1E960641AD4C197008D1C63 /* leetcode */ = {
			isa = PBXNativeTarget;
			buildConfigurationList = C1E9606C1AD4C197008D1C63 /* Build configuration list for PBXNativeTarget "leetcode" */;
			buildPhases = (
				C1E960611AD4C197008D1C63 /* Sources */,
				C1E960621AD4C197008D1C63 /* Frameworks */,
				C1E960631AD4C197008D1C63 /* CopyFiles */,
			);
			buildRules = (
			);
			dependencies = (
			);
			name = leetcode;
			productName = leetcode;
			productReference = C1E960651AD4C197008D1C63 /* leetcode */;
			productType = "com.apple.product-type.tool";
		};
/* End PBXNativeTarget section */

/* Begin PBXProject section */
		C1E9605D1AD4C197008D1C63 /* Project object */ = {
			isa = PBXProject;
			attributes = {
				LastUpgradeCheck = 0700;
				ORGANIZATIONNAME = "Hilings Studio";
				TargetAttributes = {
					C1E960641AD4C197008D1C63 = {
						CreatedOnToolsVersion = 6.2;
					};
				};
			};
			buildConfigurationList = C1E960601AD4C197008D1C63 /* Build configuration list for PBXProject "leetcode" */;
			compatibilityVersion = "Xcode 3.2";
			developmentRegion = English;
			hasScannedForEncodings = 0;
			knownRegions = (
				en,
			);
			mainGroup = C1E9605C1AD4C197008D1C63;
			productRefGroup = C1E960661AD4C197008D1C63 /* Products */;
			projectDirPath = "";
			projectRoot = "";
			targets = (
				C1E960641AD4C197008D1C63 /* leetcode */,
			);
		};
/* End PBXProject section */

/* Begin PBXSourcesBuildPhase section */
		C1E960611AD4C197008D1C63 /* Sources */ = {
			isa = PBXSourcesBuildPhase;
			buildActionMask = 2147483647;
			files = (
			);
			runOnlyForDeploymentPostprocessing = 0;
		};
/* End PBXSourcesBuildPhase section */

/* Begin XCBuildConfiguration section */
		C1E9606A1AD4C197008D1C63 /* Debug */ = {
			isa = XCBuildConfiguration;
			buildSettings = {
				ALWAYS_SEARCH_USER_PATHS = NO;
				CLANG_CXX_LANGUAGE_STANDARD = "gnu++0x";
				CLANG_CXX_LIBRARY = "libc++";
				CLANG_ENABLE_MODULES = YES;
				CLANG_ENABLE_OBJC_ARC = YES;
				CLANG_WARN_BOOL_CONVERSION = YES;
				CLANG_WARN_CONSTANT_CONVERSION = YES;
				CLANG_WARN_DIRECT_OBJC_ISA_USAGE = YES_ERROR;
				CLANG_WARN_EMPTY_BODY = YES;
				CLANG_WARN_ENUM_CONVERSION = YES;
				CLANG_WARN_INT_CONVERSION = YES;
				CLANG_WARN_OBJC_ROOT_CLASS = YES_ERROR;
				CLANG_WARN_UNREACHABLE_CODE = YES;
				CLANG_WARN__DUPLICATE_METHOD_MATCH = YES;
				COPY_PHASE_STRIP = NO;
				ENABLE_STRICT_OBJC_MSGSEND = YES;
				ENABLE_TESTABILITY = YES;
				GCC_C_LANGUAGE_STANDARD = gnu99;
				GCC_DYNAMIC_NO_PIC = NO;
				GCC_OPTIMIZATION_LEVEL = 0;
				GCC_PREPROCESSOR_DEFINITIONS = (
					"DEBUG=1",
					"$(inherited)",
				);
				GCC_SYMBOLS_PRIVATE_EXTERN = NO;
				GCC_WARN_64_TO_32_BIT_CONVERSION = YES;
				GCC_WARN_ABOUT_RETURN_TYPE = YES_ERROR;
				GCC_WARN_UNDECLARED_SELECTOR = YES;
				GCC_WARN_UNINITIALIZED_AUTOS = YES_AGGRESSIVE;
				GCC_WARN_UNUSED_FUNCTION = YES;
				GCC_WARN_UNUSED_VARIABLE = YES;
				MACOSX_DEPLOYMENT_TARGET = 10.10;
				MTL_ENABLE_DEBUG_INFO = YES;
				ONLY_ACTIVE_ARCH = YES;
				SDKROOT = macosx;
			};
			name = Debug;
		};
		C1E9606B1AD4C197008D1C63 /* Release */ = {
			isa = XCBuildConfiguration;
			buildSettings = {
				ALWAYS_SEARCH_USER_PATHS = NO;
				CLANG_CXX_LANGUAGE_STANDARD = "gnu++0x";
				CLANG_CXX_LIBRARY = "libc++";
				CLANG_ENABLE_MODULES = YES;
				CLANG_ENABLE_OBJC_ARC = YES;
				CLANG_WARN_BOOL_CONVERSION = YES;
				CLANG_WARN_CONSTANT_CONVERSION = YES;
				CLANG_WARN_DIRECT_OBJC_ISA_USAGE = YES_ERROR;
				CLANG_WARN_EMPTY_BODY = YES;
				CLANG_WARN_ENUM_CONVERSION = YES;
				CLANG_WARN_INT_CONVERSION = YES;
				CLANG_WARN_OBJC_ROOT_CLASS = YES_ERROR;
				CLANG_WARN_UNREACHABLE_CODE = YES;
				CLANG_WARN__DUPLICATE_METHOD_MATCH = YES;
				COPY_PHASE_STRIP = NO;
				DEBUG_INFORMATION_FORMAT = "dwarf-with-dsym";
				ENABLE_NS_ASSERTIONS = NO;
				ENABLE_STRICT_OBJC_MSGSEND = YES;
				GCC_C_LANGUAGE_STANDARD = gnu99;
				GCC_WARN_64_TO_32_BIT_CONVERSION = YES;
				GCC_WARN_ABOUT_RETURN_TYPE = YES_ERROR;
				GCC_WARN_UNDECLARED_SELECTOR = YES;
				GCC_WARN_UNINITIALIZED_AUTOS = YES_AGGRESSIVE;
				GCC_WARN_UNUSED_FUNCTION = YES;
				GCC_WARN_UNUSED_VARIABLE = YES;
				MACOSX_DEPLOYMENT_TARGET = 10.10;
				MTL_ENABLE_DEBUG_INFO = NO;
				SDKROOT = macosx;
			};
			name = Release;
		};
		C1E9606D1AD4C197008D1C63 /* Debug */ = {
			isa = XCBuildConfiguration;
			buildSettings = {
				PRODUCT_NAME = "$(TARGET_NAME)";
			};
			name = Debug;
		};
		C1E9606E1AD4C197008D1C63 /* Release */ = {
			isa = XCBuildConfiguration;
			buildSettings = {
				PRODUCT_NAME = "$(TARGET_NAME)";
			};
			name = Release;
		};
/* End XCBuildConfiguration section */

/* Begin XCConfigurationList section */
		C1E960601AD4C197008D1C63 /* Build configuration list for PBXProject "leetcode" */ = {
			isa = XCConfigurationList;
			buildConfigurations = (
				C1E9606A1AD4C197008D1C63 /* Debug */,
				C1E9606B1AD4C197008D1C63 /* Release */,
			);
			defaultConfigurationIsVisible = 0;
			defaultConfigurationName = Release;
		};
		C1E9606C1AD4C197008D1C63 /* Build configuration list for PBXNativeTarget "leetcode" */ = {
			isa = XCConfigurationList;
			buildConfigurations = (
				C1E9606D1AD4C197008D1C63 /* Debug */,
				C1E9606E1AD4C197008D1C63 /* Release */,
			);
			defaultConfigurationIsVisible = 0;
			defaultConfigurationName = Release;
		};
/* End XCConfigurationList section */
	};
	rootObject = C1E9605D1AD4C197008D1C63 /* Project object */;
}
