
Microsoft Visual Studio Solution File, Format Version 12.00
# Visual Studio Version 17
VisualStudioVersion = 17.8.34316.72
MinimumVisualStudioVersion = 10.0.40219.1
Project("{FAE04EC0-301F-11D3-BF4B-00C04F79EFBC}") = "876. Middle of the Linked List", "876. Middle of the Linked List\876. Middle of the Linked List.csproj", "{2FCF02A1-B458-48EA-977C-7D399CAE1D7B}"
EndProject
Project("{FAE04EC0-301F-11D3-BF4B-00C04F79EFBC}") = "873. Length of Longest Fibonacci Subsequence", "873. Length of Longest Fibonacci Subsequence\873. Length of Longest Fibonacci Subsequence.csproj", "{5B9C2E3A-900F-4054-9015-FA0B7A8B4162}"
EndProject
Project("{FAE04EC0-301F-11D3-BF4B-00C04F79EFBC}") = "874. Walking Robot Simulation", "874. Walking Robot Simulation\874. Walking Robot Simulation.csproj", "{24A1ED8D-E371-4318-88A8-DD0E1D740AD5}"
EndProject
Project("{FAE04EC0-301F-11D3-BF4B-00C04F79EFBC}") = "875. Koko Eating Bananas", "875. Koko Eating Bananas\875. Koko Eating Bananas.csproj", "{FA366BEE-81D1-4103-B1EE-EFBC465616AA}"
EndProject
Project("{FAE04EC0-301F-11D3-BF4B-00C04F79EFBC}") = "801. Minimum Swaps To Make Sequences Increasing", "801. Minimum Swaps To Make Sequences Increasing\801. Minimum Swaps To Make Sequences Increasing.csproj", "{2B293CA4-40B2-4CA8-9AD6-768E2A36F474}"
EndProject
Project("{FAE04EC0-301F-11D3-BF4B-00C04F79EFBC}") = "877. Stone Game", "877. Stone Game\877. Stone Game.csproj", "{38AEC6C9-F42E-46D5-8F58-3BE88C7A40A8}"
EndProject
Project("{FAE04EC0-301F-11D3-BF4B-00C04F79EFBC}") = "880. Decoded String at Index", "880. Decoded String at Index\880. Decoded String at Index.csproj", "{B4828BAD-30C2-4923-9C2B-086BAA0AD4A2}"
EndProject
Project("{FAE04EC0-301F-11D3-BF4B-00C04F79EFBC}") = "881. Boats to Save People", "881. Boats to Save People\881. Boats to Save People.csproj", "{5158EB3E-C06F-418A-B363-C745B9876660}"
EndProject
Project("{FAE04EC0-301F-11D3-BF4B-00C04F79EFBC}") = "883. Projection Area of 3D Shapes", "883. Projection Area of 3D Shapes\883. Projection Area of 3D Shapes.csproj", "{F1B63C8A-4D5B-4531-98BD-AC54B563E725}"
EndProject
Project("{FAE04EC0-301F-11D3-BF4B-00C04F79EFBC}") = "884. Uncommon Words from Two Sentences", "884. Uncommon Words from Two Sentences\884. Uncommon Words from Two Sentences.csproj", "{82D24015-A715-4153-8280-BEC68D110DDA}"
EndProject
Project("{FAE04EC0-301F-11D3-BF4B-00C04F79EFBC}") = "885. Spiral Matrix III", "885. Spiral Matrix III\885. Spiral Matrix III.csproj", "{BD445F44-D064-44CB-882D-1771504F0132}"
EndProject
Project("{FAE04EC0-301F-11D3-BF4B-00C04F79EFBC}") = "886. Possible Bipartition", "886. Possible Bipartition\886. Possible Bipartition.csproj", "{142D5B6B-4F93-4383-A1BF-AE48C2223B3B}"
EndProject
Project("{FAE04EC0-301F-11D3-BF4B-00C04F79EFBC}") = "888. Fair Candy Swap", "888. Fair Candy Swap\888. Fair Candy Swap.csproj", "{FC56B7D6-6810-46C8-8BD6-797B0E62C957}"
EndProject
Project("{FAE04EC0-301F-11D3-BF4B-00C04F79EFBC}") = "889. Construct Binary Tree from Preorder and Postorder Traversal", "889. Construct Binary Tree from Preorder and Postorder Traversal\889. Construct Binary Tree from Preorder and Postorder Traversal.csproj", "{56F2EBE2-90A1-4E37-9E03-DBFD6988C139}"
EndProject
Project("{FAE04EC0-301F-11D3-BF4B-00C04F79EFBC}") = "890. Find and Replace Pattern", "890. Find and Replace Pattern\890. Find and Replace Pattern.csproj", "{D9458BE9-3C8F-45DB-B8BF-7455341A9069}"
EndProject
Project("{FAE04EC0-301F-11D3-BF4B-00C04F79EFBC}") = "882. Reachable Nodes In Subdivided Graph", "882. Reachable Nodes In Subdivided Graph\882. Reachable Nodes In Subdivided Graph.csproj", "{9B637172-F50C-4B02-8912-52906474FCB0}"
EndProject
Project("{FAE04EC0-301F-11D3-BF4B-00C04F79EFBC}") = "892. Surface Area of 3D Shapes", "892. Surface Area of 3D Shapes\892. Surface Area of 3D Shapes.csproj", "{94B9FEA7-4B6A-4439-BCBF-F8BEF3E7CC08}"
EndProject
Project("{FAE04EC0-301F-11D3-BF4B-00C04F79EFBC}") = "893. Groups of Special-Equivalent Strings", "893. Groups of Special-Equivalent Strings\893. Groups of Special-Equivalent Strings.csproj", "{9CF566C8-F37E-4806-AC61-2951ADF4A10A}"
EndProject
Project("{FAE04EC0-301F-11D3-BF4B-00C04F79EFBC}") = "894. All Possible Full Binary Trees", "894. All Possible Full Binary Trees\894. All Possible Full Binary Trees.csproj", "{9CAA3C59-50C0-4759-BB93-FB0047E8C650}"
EndProject
Global
	GlobalSection(SolutionConfigurationPlatforms) = preSolution
		Debug|Any CPU = Debug|Any CPU
		Release|Any CPU = Release|Any CPU
	EndGlobalSection
	GlobalSection(ProjectConfigurationPlatforms) = postSolution
		{2FCF02A1-B458-48EA-977C-7D399CAE1D7B}.Debug|Any CPU.ActiveCfg = Debug|Any CPU
		{2FCF02A1-B458-48EA-977C-7D399CAE1D7B}.Debug|Any CPU.Build.0 = Debug|Any CPU
		{2FCF02A1-B458-48EA-977C-7D399CAE1D7B}.Release|Any CPU.ActiveCfg = Release|Any CPU
		{2FCF02A1-B458-48EA-977C-7D399CAE1D7B}.Release|Any CPU.Build.0 = Release|Any CPU
		{5B9C2E3A-900F-4054-9015-FA0B7A8B4162}.Debug|Any CPU.ActiveCfg = Debug|Any CPU
		{5B9C2E3A-900F-4054-9015-FA0B7A8B4162}.Debug|Any CPU.Build.0 = Debug|Any CPU
		{5B9C2E3A-900F-4054-9015-FA0B7A8B4162}.Release|Any CPU.ActiveCfg = Release|Any CPU
		{5B9C2E3A-900F-4054-9015-FA0B7A8B4162}.Release|Any CPU.Build.0 = Release|Any CPU
		{24A1ED8D-E371-4318-88A8-DD0E1D740AD5}.Debug|Any CPU.ActiveCfg = Debug|Any CPU
		{24A1ED8D-E371-4318-88A8-DD0E1D740AD5}.Debug|Any CPU.Build.0 = Debug|Any CPU
		{24A1ED8D-E371-4318-88A8-DD0E1D740AD5}.Release|Any CPU.ActiveCfg = Release|Any CPU
		{24A1ED8D-E371-4318-88A8-DD0E1D740AD5}.Release|Any CPU.Build.0 = Release|Any CPU
		{FA366BEE-81D1-4103-B1EE-EFBC465616AA}.Debug|Any CPU.ActiveCfg = Debug|Any CPU
		{FA366BEE-81D1-4103-B1EE-EFBC465616AA}.Debug|Any CPU.Build.0 = Debug|Any CPU
		{FA366BEE-81D1-4103-B1EE-EFBC465616AA}.Release|Any CPU.ActiveCfg = Release|Any CPU
		{FA366BEE-81D1-4103-B1EE-EFBC465616AA}.Release|Any CPU.Build.0 = Release|Any CPU
		{2B293CA4-40B2-4CA8-9AD6-768E2A36F474}.Debug|Any CPU.ActiveCfg = Debug|Any CPU
		{2B293CA4-40B2-4CA8-9AD6-768E2A36F474}.Debug|Any CPU.Build.0 = Debug|Any CPU
		{2B293CA4-40B2-4CA8-9AD6-768E2A36F474}.Release|Any CPU.ActiveCfg = Release|Any CPU
		{2B293CA4-40B2-4CA8-9AD6-768E2A36F474}.Release|Any CPU.Build.0 = Release|Any CPU
		{38AEC6C9-F42E-46D5-8F58-3BE88C7A40A8}.Debug|Any CPU.ActiveCfg = Debug|Any CPU
		{38AEC6C9-F42E-46D5-8F58-3BE88C7A40A8}.Debug|Any CPU.Build.0 = Debug|Any CPU
		{38AEC6C9-F42E-46D5-8F58-3BE88C7A40A8}.Release|Any CPU.ActiveCfg = Release|Any CPU
		{38AEC6C9-F42E-46D5-8F58-3BE88C7A40A8}.Release|Any CPU.Build.0 = Release|Any CPU
		{B4828BAD-30C2-4923-9C2B-086BAA0AD4A2}.Debug|Any CPU.ActiveCfg = Debug|Any CPU
		{B4828BAD-30C2-4923-9C2B-086BAA0AD4A2}.Debug|Any CPU.Build.0 = Debug|Any CPU
		{B4828BAD-30C2-4923-9C2B-086BAA0AD4A2}.Release|Any CPU.ActiveCfg = Release|Any CPU
		{B4828BAD-30C2-4923-9C2B-086BAA0AD4A2}.Release|Any CPU.Build.0 = Release|Any CPU
		{5158EB3E-C06F-418A-B363-C745B9876660}.Debug|Any CPU.ActiveCfg = Debug|Any CPU
		{5158EB3E-C06F-418A-B363-C745B9876660}.Debug|Any CPU.Build.0 = Debug|Any CPU
		{5158EB3E-C06F-418A-B363-C745B9876660}.Release|Any CPU.ActiveCfg = Release|Any CPU
		{5158EB3E-C06F-418A-B363-C745B9876660}.Release|Any CPU.Build.0 = Release|Any CPU
		{F1B63C8A-4D5B-4531-98BD-AC54B563E725}.Debug|Any CPU.ActiveCfg = Debug|Any CPU
		{F1B63C8A-4D5B-4531-98BD-AC54B563E725}.Debug|Any CPU.Build.0 = Debug|Any CPU
		{F1B63C8A-4D5B-4531-98BD-AC54B563E725}.Release|Any CPU.ActiveCfg = Release|Any CPU
		{F1B63C8A-4D5B-4531-98BD-AC54B563E725}.Release|Any CPU.Build.0 = Release|Any CPU
		{82D24015-A715-4153-8280-BEC68D110DDA}.Debug|Any CPU.ActiveCfg = Debug|Any CPU
		{82D24015-A715-4153-8280-BEC68D110DDA}.Debug|Any CPU.Build.0 = Debug|Any CPU
		{82D24015-A715-4153-8280-BEC68D110DDA}.Release|Any CPU.ActiveCfg = Release|Any CPU
		{82D24015-A715-4153-8280-BEC68D110DDA}.Release|Any CPU.Build.0 = Release|Any CPU
		{BD445F44-D064-44CB-882D-1771504F0132}.Debug|Any CPU.ActiveCfg = Debug|Any CPU
		{BD445F44-D064-44CB-882D-1771504F0132}.Debug|Any CPU.Build.0 = Debug|Any CPU
		{BD445F44-D064-44CB-882D-1771504F0132}.Release|Any CPU.ActiveCfg = Release|Any CPU
		{BD445F44-D064-44CB-882D-1771504F0132}.Release|Any CPU.Build.0 = Release|Any CPU
		{142D5B6B-4F93-4383-A1BF-AE48C2223B3B}.Debug|Any CPU.ActiveCfg = Debug|Any CPU
		{142D5B6B-4F93-4383-A1BF-AE48C2223B3B}.Debug|Any CPU.Build.0 = Debug|Any CPU
		{142D5B6B-4F93-4383-A1BF-AE48C2223B3B}.Release|Any CPU.ActiveCfg = Release|Any CPU
		{142D5B6B-4F93-4383-A1BF-AE48C2223B3B}.Release|Any CPU.Build.0 = Release|Any CPU
		{FC56B7D6-6810-46C8-8BD6-797B0E62C957}.Debug|Any CPU.ActiveCfg = Debug|Any CPU
		{FC56B7D6-6810-46C8-8BD6-797B0E62C957}.Debug|Any CPU.Build.0 = Debug|Any CPU
		{FC56B7D6-6810-46C8-8BD6-797B0E62C957}.Release|Any CPU.ActiveCfg = Release|Any CPU
		{FC56B7D6-6810-46C8-8BD6-797B0E62C957}.Release|Any CPU.Build.0 = Release|Any CPU
		{56F2EBE2-90A1-4E37-9E03-DBFD6988C139}.Debug|Any CPU.ActiveCfg = Debug|Any CPU
		{56F2EBE2-90A1-4E37-9E03-DBFD6988C139}.Debug|Any CPU.Build.0 = Debug|Any CPU
		{56F2EBE2-90A1-4E37-9E03-DBFD6988C139}.Release|Any CPU.ActiveCfg = Release|Any CPU
		{56F2EBE2-90A1-4E37-9E03-DBFD6988C139}.Release|Any CPU.Build.0 = Release|Any CPU
		{D9458BE9-3C8F-45DB-B8BF-7455341A9069}.Debug|Any CPU.ActiveCfg = Debug|Any CPU
		{D9458BE9-3C8F-45DB-B8BF-7455341A9069}.Debug|Any CPU.Build.0 = Debug|Any CPU
		{D9458BE9-3C8F-45DB-B8BF-7455341A9069}.Release|Any CPU.ActiveCfg = Release|Any CPU
		{D9458BE9-3C8F-45DB-B8BF-7455341A9069}.Release|Any CPU.Build.0 = Release|Any CPU
		{9B637172-F50C-4B02-8912-52906474FCB0}.Debug|Any CPU.ActiveCfg = Debug|Any CPU
		{9B637172-F50C-4B02-8912-52906474FCB0}.Debug|Any CPU.Build.0 = Debug|Any CPU
		{9B637172-F50C-4B02-8912-52906474FCB0}.Release|Any CPU.ActiveCfg = Release|Any CPU
		{9B637172-F50C-4B02-8912-52906474FCB0}.Release|Any CPU.Build.0 = Release|Any CPU
		{94B9FEA7-4B6A-4439-BCBF-F8BEF3E7CC08}.Debug|Any CPU.ActiveCfg = Debug|Any CPU
		{94B9FEA7-4B6A-4439-BCBF-F8BEF3E7CC08}.Debug|Any CPU.Build.0 = Debug|Any CPU
		{94B9FEA7-4B6A-4439-BCBF-F8BEF3E7CC08}.Release|Any CPU.ActiveCfg = Release|Any CPU
		{94B9FEA7-4B6A-4439-BCBF-F8BEF3E7CC08}.Release|Any CPU.Build.0 = Release|Any CPU
		{9CF566C8-F37E-4806-AC61-2951ADF4A10A}.Debug|Any CPU.ActiveCfg = Debug|Any CPU
		{9CF566C8-F37E-4806-AC61-2951ADF4A10A}.Debug|Any CPU.Build.0 = Debug|Any CPU
		{9CF566C8-F37E-4806-AC61-2951ADF4A10A}.Release|Any CPU.ActiveCfg = Release|Any CPU
		{9CF566C8-F37E-4806-AC61-2951ADF4A10A}.Release|Any CPU.Build.0 = Release|Any CPU
		{9CAA3C59-50C0-4759-BB93-FB0047E8C650}.Debug|Any CPU.ActiveCfg = Debug|Any CPU
		{9CAA3C59-50C0-4759-BB93-FB0047E8C650}.Debug|Any CPU.Build.0 = Debug|Any CPU
		{9CAA3C59-50C0-4759-BB93-FB0047E8C650}.Release|Any CPU.ActiveCfg = Release|Any CPU
		{9CAA3C59-50C0-4759-BB93-FB0047E8C650}.Release|Any CPU.Build.0 = Release|Any CPU
	EndGlobalSection
	GlobalSection(SolutionProperties) = preSolution
		HideSolutionNode = FALSE
	EndGlobalSection
	GlobalSection(ExtensibilityGlobals) = postSolution
		SolutionGuid = {4E50A544-77D0-4020-A64E-A6C77943A3E5}
	EndGlobalSection
EndGlobal
