
Microsoft Visual Studio Solution File, Format Version 12.00
# Visual Studio Version 17
VisualStudioVersion = 17.8.34316.72
MinimumVisualStudioVersion = 10.0.40219.1
Project("{FAE04EC0-301F-11D3-BF4B-00C04F79EFBC}") = "876. Middle of the Linked List", "876. Middle of the Linked List\876. Middle of the Linked List.csproj", "{2FCF02A1-B458-48EA-977C-7D399CAE1D7B}"
EndProject
Project("{FAE04EC0-301F-11D3-BF4B-00C04F79EFBC}") = "873. Length of Longest Fibonacci Subsequence", "873. Length of Longest Fibonacci Subsequence\873. Length of Longest Fibonacci Subsequence.csproj", "{5B9C2E3A-900F-4054-9015-FA0B7A8B4162}"
EndProject
Project("{FAE04EC0-301F-11D3-BF4B-00C04F79EFBC}") = "874. Walking Robot Simulation", "874. Walking Robot Simulation\874. Walking Robot Simulation.csproj", "{24A1ED8D-E371-4318-88A8-DD0E1D740AD5}"
EndProject
Project("{FAE04EC0-301F-11D3-BF4B-00C04F79EFBC}") = "875. Koko Eating Bananas", "875. Koko Eating Bananas\875. Koko Eating Bananas.csproj", "{FA366BEE-81D1-4103-B1EE-EFBC465616AA}"
EndProject
Project("{FAE04EC0-301F-11D3-BF4B-00C04F79EFBC}") = "801. Minimum Swaps To Make Sequences Increasing", "801. Minimum Swaps To Make Sequences Increasing\801. Minimum Swaps To Make Sequences Increasing.csproj", "{2B293CA4-40B2-4CA8-9AD6-768E2A36F474}"
EndProject
Project("{FAE04EC0-301F-11D3-BF4B-00C04F79EFBC}") = "877. Stone Game", "877. Stone Game\877. Stone Game.csproj", "{38AEC6C9-F42E-46D5-8F58-3BE88C7A40A8}"
EndProject
Project("{FAE04EC0-301F-11D3-BF4B-00C04F79EFBC}") = "880. Decoded String at Index", "880. Decoded String at Index\880. Decoded String at Index.csproj", "{B4828BAD-30C2-4923-9C2B-086BAA0AD4A2}"
EndProject
Project("{FAE04EC0-301F-11D3-BF4B-00C04F79EFBC}") = "881. Boats to Save People", "881. Boats to Save People\881. Boats to Save People.csproj", "{5158EB3E-C06F-418A-B363-C745B9876660}"
EndProject
Global
	GlobalSection(SolutionConfigurationPlatforms) = preSolution
		Debug|Any CPU = Debug|Any CPU
		Release|Any CPU = Release|Any CPU
	EndGlobalSection
	GlobalSection(ProjectConfigurationPlatforms) = postSolution
		{2FCF02A1-B458-48EA-977C-7D399CAE1D7B}.Debug|Any CPU.ActiveCfg = Debug|Any CPU
		{2FCF02A1-B458-48EA-977C-7D399CAE1D7B}.Debug|Any CPU.Build.0 = Debug|Any CPU
		{2FCF02A1-B458-48EA-977C-7D399CAE1D7B}.Release|Any CPU.ActiveCfg = Release|Any CPU
		{2FCF02A1-B458-48EA-977C-7D399CAE1D7B}.Release|Any CPU.Build.0 = Release|Any CPU
		{5B9C2E3A-900F-4054-9015-FA0B7A8B4162}.Debug|Any CPU.ActiveCfg = Debug|Any CPU
		{5B9C2E3A-900F-4054-9015-FA0B7A8B4162}.Debug|Any CPU.Build.0 = Debug|Any CPU
		{5B9C2E3A-900F-4054-9015-FA0B7A8B4162}.Release|Any CPU.ActiveCfg = Release|Any CPU
		{5B9C2E3A-900F-4054-9015-FA0B7A8B4162}.Release|Any CPU.Build.0 = Release|Any CPU
		{24A1ED8D-E371-4318-88A8-DD0E1D740AD5}.Debug|Any CPU.ActiveCfg = Debug|Any CPU
		{24A1ED8D-E371-4318-88A8-DD0E1D740AD5}.Debug|Any CPU.Build.0 = Debug|Any CPU
		{24A1ED8D-E371-4318-88A8-DD0E1D740AD5}.Release|Any CPU.ActiveCfg = Release|Any CPU
		{24A1ED8D-E371-4318-88A8-DD0E1D740AD5}.Release|Any CPU.Build.0 = Release|Any CPU
		{FA366BEE-81D1-4103-B1EE-EFBC465616AA}.Debug|Any CPU.ActiveCfg = Debug|Any CPU
		{FA366BEE-81D1-4103-B1EE-EFBC465616AA}.Debug|Any CPU.Build.0 = Debug|Any CPU
		{FA366BEE-81D1-4103-B1EE-EFBC465616AA}.Release|Any CPU.ActiveCfg = Release|Any CPU
		{FA366BEE-81D1-4103-B1EE-EFBC465616AA}.Release|Any CPU.Build.0 = Release|Any CPU
		{2B293CA4-40B2-4CA8-9AD6-768E2A36F474}.Debug|Any CPU.ActiveCfg = Debug|Any CPU
		{2B293CA4-40B2-4CA8-9AD6-768E2A36F474}.Debug|Any CPU.Build.0 = Debug|Any CPU
		{2B293CA4-40B2-4CA8-9AD6-768E2A36F474}.Release|Any CPU.ActiveCfg = Release|Any CPU
		{2B293CA4-40B2-4CA8-9AD6-768E2A36F474}.Release|Any CPU.Build.0 = Release|Any CPU
		{38AEC6C9-F42E-46D5-8F58-3BE88C7A40A8}.Debug|Any CPU.ActiveCfg = Debug|Any CPU
		{38AEC6C9-F42E-46D5-8F58-3BE88C7A40A8}.Debug|Any CPU.Build.0 = Debug|Any CPU
		{38AEC6C9-F42E-46D5-8F58-3BE88C7A40A8}.Release|Any CPU.ActiveCfg = Release|Any CPU
		{38AEC6C9-F42E-46D5-8F58-3BE88C7A40A8}.Release|Any CPU.Build.0 = Release|Any CPU
		{B4828BAD-30C2-4923-9C2B-086BAA0AD4A2}.Debug|Any CPU.ActiveCfg = Debug|Any CPU
		{B4828BAD-30C2-4923-9C2B-086BAA0AD4A2}.Debug|Any CPU.Build.0 = Debug|Any CPU
		{B4828BAD-30C2-4923-9C2B-086BAA0AD4A2}.Release|Any CPU.ActiveCfg = Release|Any CPU
		{B4828BAD-30C2-4923-9C2B-086BAA0AD4A2}.Release|Any CPU.Build.0 = Release|Any CPU
		{5158EB3E-C06F-418A-B363-C745B9876660}.Debug|Any CPU.ActiveCfg = Debug|Any CPU
		{5158EB3E-C06F-418A-B363-C745B9876660}.Debug|Any CPU.Build.0 = Debug|Any CPU
		{5158EB3E-C06F-418A-B363-C745B9876660}.Release|Any CPU.ActiveCfg = Release|Any CPU
		{5158EB3E-C06F-418A-B363-C745B9876660}.Release|Any CPU.Build.0 = Release|Any CPU
	EndGlobalSection
	GlobalSection(SolutionProperties) = preSolution
		HideSolutionNode = FALSE
	EndGlobalSection
	GlobalSection(ExtensibilityGlobals) = postSolution
		SolutionGuid = {4E50A544-77D0-4020-A64E-A6C77943A3E5}
	EndGlobalSection
EndGlobal
